// !$*UTF8*$!
{
	archiveVersion = 1;
	classes = {
	};
	objectVersion = 50;
	objects = {

/* Begin PBXBuildFile section */
		B42C549C49A64ED9D0BD6EF6 /* Pods_quizmaker.framework in Frameworks */ = {isa = PBXBuildFile; fileRef = E8337EC4E8A770496B3BCE26 /* Pods_quizmaker.framework */; };
		FBBCF40221721A2800A58C74 /* AppDelegate.swift in Sources */ = {isa = PBXBuildFile; fileRef = FBBCF40121721A2800A58C74 /* AppDelegate.swift */; };
		FBBCF40921721A2900A58C74 /* Assets.xcassets in Resources */ = {isa = PBXBuildFile; fileRef = FBBCF40821721A2900A58C74 /* Assets.xcassets */; };
		FBBCF40C21721A2900A58C74 /* LaunchScreen.storyboard in Resources */ = {isa = PBXBuildFile; fileRef = FBBCF40A21721A2900A58C74 /* LaunchScreen.storyboard */; };
		FBBFD4A621A587AE007197D9 /* Differentiator.framework in Frameworks */ = {isa = PBXBuildFile; fileRef = FBBFD4A521A587AE007197D9 /* Differentiator.framework */; };
		FBBFD4A821A587AE007197D9 /* RxCocoa.framework in Frameworks */ = {isa = PBXBuildFile; fileRef = FBBFD4A721A587AE007197D9 /* RxCocoa.framework */; };
		FBBFD4AA21A587AE007197D9 /* RxDataSources.framework in Frameworks */ = {isa = PBXBuildFile; fileRef = FBBFD4A921A587AE007197D9 /* RxDataSources.framework */; };
		FBBFD4AC21A587AE007197D9 /* RxSwift.framework in Frameworks */ = {isa = PBXBuildFile; fileRef = FBBFD4AB21A587AE007197D9 /* RxSwift.framework */; };
		FBBFD4AE21A58928007197D9 /* LoginViewController.swift in Sources */ = {isa = PBXBuildFile; fileRef = FBBFD4AD21A58928007197D9 /* LoginViewController.swift */; };
		FBBFD4B221A58944007197D9 /* RegisterViewController.swift in Sources */ = {isa = PBXBuildFile; fileRef = FBBFD4B121A58944007197D9 /* RegisterViewController.swift */; };
		FBBFD4B421A5895A007197D9 /* AdminViewController.swift in Sources */ = {isa = PBXBuildFile; fileRef = FBBFD4B321A5895A007197D9 /* AdminViewController.swift */; };
		FBBFD4B621A58962007197D9 /* HomeViewController.swift in Sources */ = {isa = PBXBuildFile; fileRef = FBBFD4B521A58962007197D9 /* HomeViewController.swift */; };
		FBBFD4B821A5896A007197D9 /* InstructorViewController.swift in Sources */ = {isa = PBXBuildFile; fileRef = FBBFD4B721A5896A007197D9 /* InstructorViewController.swift */; };
		FBBFD4BA21A58971007197D9 /* StudentViewController.swift in Sources */ = {isa = PBXBuildFile; fileRef = FBBFD4B921A58971007197D9 /* StudentViewController.swift */; };
		FBBFD4BC21A5897A007197D9 /* UserViewController.swift in Sources */ = {isa = PBXBuildFile; fileRef = FBBFD4BB21A5897A007197D9 /* UserViewController.swift */; };
		FBBFD4BE21A5899E007197D9 /* ChangePasswordViewController.swift in Sources */ = {isa = PBXBuildFile; fileRef = FBBFD4BD21A5899E007197D9 /* ChangePasswordViewController.swift */; };
		FBBFD4C021A589A7007197D9 /* EditProfileViewController.swift in Sources */ = {isa = PBXBuildFile; fileRef = FBBFD4BF21A589A7007197D9 /* EditProfileViewController.swift */; };
		FBBFD4C221A589F1007197D9 /* IndicatorButton.swift in Sources */ = {isa = PBXBuildFile; fileRef = FBBFD4C121A589F1007197D9 /* IndicatorButton.swift */; };
		FBBFD4C421A58A05007197D9 /* LoginViewModel.swift in Sources */ = {isa = PBXBuildFile; fileRef = FBBFD4C321A58A05007197D9 /* LoginViewModel.swift */; };
		FBBFD4C621A58A12007197D9 /* RegisterViewModel.swift in Sources */ = {isa = PBXBuildFile; fileRef = FBBFD4C521A58A12007197D9 /* RegisterViewModel.swift */; };
		FBBFD4C821A58E69007197D9 /* ChangePassword.swift in Sources */ = {isa = PBXBuildFile; fileRef = FBBFD4C721A58E69007197D9 /* ChangePassword.swift */; };
		FBBFD4CA21A58E82007197D9 /* Course.swift in Sources */ = {isa = PBXBuildFile; fileRef = FBBFD4C921A58E82007197D9 /* Course.swift */; };
		FBBFD4CC21A58E8E007197D9 /* EditProfile.swift in Sources */ = {isa = PBXBuildFile; fileRef = FBBFD4CB21A58E8E007197D9 /* EditProfile.swift */; };
		FBBFD4CE21A58E95007197D9 /* Participant.swift in Sources */ = {isa = PBXBuildFile; fileRef = FBBFD4CD21A58E95007197D9 /* Participant.swift */; };
		FBBFD4D021A58E9E007197D9 /* Question.swift in Sources */ = {isa = PBXBuildFile; fileRef = FBBFD4CF21A58E9E007197D9 /* Question.swift */; };
		FBBFD4D221A58EA8007197D9 /* Quiz.swift in Sources */ = {isa = PBXBuildFile; fileRef = FBBFD4D121A58EA8007197D9 /* Quiz.swift */; };
		FBBFD4D421A58EBA007197D9 /* QuizDetailSectionModel.swift in Sources */ = {isa = PBXBuildFile; fileRef = FBBFD4D321A58EBA007197D9 /* QuizDetailSectionModel.swift */; };
		FBBFD4D621A58EC9007197D9 /* QuizParticipant.swift in Sources */ = {isa = PBXBuildFile; fileRef = FBBFD4D521A58EC9007197D9 /* QuizParticipant.swift */; };
		FBBFD4D821A58ED7007197D9 /* QuizSectionModel.swift in Sources */ = {isa = PBXBuildFile; fileRef = FBBFD4D721A58ED7007197D9 /* QuizSectionModel.swift */; };
		FBBFD4DA21A58EE2007197D9 /* SignUp.swift in Sources */ = {isa = PBXBuildFile; fileRef = FBBFD4D921A58EE2007197D9 /* SignUp.swift */; };
		FBBFD4DC21A58EEB007197D9 /* User.swift in Sources */ = {isa = PBXBuildFile; fileRef = FBBFD4DB21A58EEB007197D9 /* User.swift */; };
		FBBFD4DE21A58EF2007197D9 /* UserType.swift in Sources */ = {isa = PBXBuildFile; fileRef = FBBFD4DD21A58EF2007197D9 /* UserType.swift */; };
/* End PBXBuildFile section */

/* Begin PBXFileReference section */
		94D7AA8E207720ACBDA148EC /* Pods-quizmaker.release.xcconfig */ = {isa = PBXFileReference; includeInIndex = 1; lastKnownFileType = text.xcconfig; name = "Pods-quizmaker.release.xcconfig"; path = "Pods/Target Support Files/Pods-quizmaker/Pods-quizmaker.release.xcconfig"; sourceTree = "<group>"; };
		DA8F7A5476CB31E1968FCE51 /* Pods-quizmaker.debug.xcconfig */ = {isa = PBXFileReference; includeInIndex = 1; lastKnownFileType = text.xcconfig; name = "Pods-quizmaker.debug.xcconfig"; path = "Pods/Target Support Files/Pods-quizmaker/Pods-quizmaker.debug.xcconfig"; sourceTree = "<group>"; };
		E8337EC4E8A770496B3BCE26 /* Pods_quizmaker.framework */ = {isa = PBXFileReference; explicitFileType = wrapper.framework; includeInIndex = 0; path = Pods_quizmaker.framework; sourceTree = BUILT_PRODUCTS_DIR; };
		FBBCF3FE21721A2700A58C74 /* quizmaker.app */ = {isa = PBXFileReference; explicitFileType = wrapper.application; includeInIndex = 0; path = quizmaker.app; sourceTree = BUILT_PRODUCTS_DIR; };
		FBBCF40121721A2800A58C74 /* AppDelegate.swift */ = {isa = PBXFileReference; lastKnownFileType = sourcecode.swift; path = AppDelegate.swift; sourceTree = "<group>"; };
		FBBCF40821721A2900A58C74 /* Assets.xcassets */ = {isa = PBXFileReference; lastKnownFileType = folder.assetcatalog; path = Assets.xcassets; sourceTree = "<group>"; };
		FBBCF40B21721A2900A58C74 /* Base */ = {isa = PBXFileReference; lastKnownFileType = file.storyboard; name = Base; path = Base.lproj/LaunchScreen.storyboard; sourceTree = "<group>"; };
		FBBCF40D21721A2900A58C74 /* Info.plist */ = {isa = PBXFileReference; lastKnownFileType = text.plist.xml; path = Info.plist; sourceTree = "<group>"; };
		FBBFD4A521A587AE007197D9 /* Differentiator.framework */ = {isa = PBXFileReference; explicitFileType = wrapper.framework; path = Differentiator.framework; sourceTree = BUILT_PRODUCTS_DIR; };
		FBBFD4A721A587AE007197D9 /* RxCocoa.framework */ = {isa = PBXFileReference; explicitFileType = wrapper.framework; path = RxCocoa.framework; sourceTree = BUILT_PRODUCTS_DIR; };
		FBBFD4A921A587AE007197D9 /* RxDataSources.framework */ = {isa = PBXFileReference; explicitFileType = wrapper.framework; path = RxDataSources.framework; sourceTree = BUILT_PRODUCTS_DIR; };
		FBBFD4AB21A587AE007197D9 /* RxSwift.framework */ = {isa = PBXFileReference; explicitFileType = wrapper.framework; path = RxSwift.framework; sourceTree = BUILT_PRODUCTS_DIR; };
		FBBFD4AD21A58928007197D9 /* LoginViewController.swift */ = {isa = PBXFileReference; lastKnownFileType = sourcecode.swift; path = LoginViewController.swift; sourceTree = "<group>"; };
		FBBFD4B121A58944007197D9 /* RegisterViewController.swift */ = {isa = PBXFileReference; lastKnownFileType = sourcecode.swift; path = RegisterViewController.swift; sourceTree = "<group>"; };
		FBBFD4B321A5895A007197D9 /* AdminViewController.swift */ = {isa = PBXFileReference; lastKnownFileType = sourcecode.swift; path = AdminViewController.swift; sourceTree = "<group>"; };
		FBBFD4B521A58962007197D9 /* HomeViewController.swift */ = {isa = PBXFileReference; lastKnownFileType = sourcecode.swift; path = HomeViewController.swift; sourceTree = "<group>"; };
		FBBFD4B721A5896A007197D9 /* InstructorViewController.swift */ = {isa = PBXFileReference; lastKnownFileType = sourcecode.swift; path = InstructorViewController.swift; sourceTree = "<group>"; };
		FBBFD4B921A58971007197D9 /* StudentViewController.swift */ = {isa = PBXFileReference; lastKnownFileType = sourcecode.swift; path = StudentViewController.swift; sourceTree = "<group>"; };
		FBBFD4BB21A5897A007197D9 /* UserViewController.swift */ = {isa = PBXFileReference; lastKnownFileType = sourcecode.swift; path = UserViewController.swift; sourceTree = "<group>"; };
		FBBFD4BD21A5899E007197D9 /* ChangePasswordViewController.swift */ = {isa = PBXFileReference; lastKnownFileType = sourcecode.swift; path = ChangePasswordViewController.swift; sourceTree = "<group>"; };
		FBBFD4BF21A589A7007197D9 /* EditProfileViewController.swift */ = {isa = PBXFileReference; lastKnownFileType = sourcecode.swift; path = EditProfileViewController.swift; sourceTree = "<group>"; };
		FBBFD4C121A589F1007197D9 /* IndicatorButton.swift */ = {isa = PBXFileReference; lastKnownFileType = sourcecode.swift; path = IndicatorButton.swift; sourceTree = "<group>"; };
		FBBFD4C321A58A05007197D9 /* LoginViewModel.swift */ = {isa = PBXFileReference; lastKnownFileType = sourcecode.swift; path = LoginViewModel.swift; sourceTree = "<group>"; };
		FBBFD4C521A58A12007197D9 /* RegisterViewModel.swift */ = {isa = PBXFileReference; lastKnownFileType = sourcecode.swift; path = RegisterViewModel.swift; sourceTree = "<group>"; };
		FBBFD4C721A58E69007197D9 /* ChangePassword.swift */ = {isa = PBXFileReference; lastKnownFileType = sourcecode.swift; path = ChangePassword.swift; sourceTree = "<group>"; };
		FBBFD4C921A58E82007197D9 /* Course.swift */ = {isa = PBXFileReference; lastKnownFileType = sourcecode.swift; path = Course.swift; sourceTree = "<group>"; };
		FBBFD4CB21A58E8E007197D9 /* EditProfile.swift */ = {isa = PBXFileReference; lastKnownFileType = sourcecode.swift; path = EditProfile.swift; sourceTree = "<group>"; };
		FBBFD4CD21A58E95007197D9 /* Participant.swift */ = {isa = PBXFileReference; lastKnownFileType = sourcecode.swift; path = Participant.swift; sourceTree = "<group>"; };
		FBBFD4CF21A58E9E007197D9 /* Question.swift */ = {isa = PBXFileReference; lastKnownFileType = sourcecode.swift; path = Question.swift; sourceTree = "<group>"; };
		FBBFD4D121A58EA8007197D9 /* Quiz.swift */ = {isa = PBXFileReference; lastKnownFileType = sourcecode.swift; path = Quiz.swift; sourceTree = "<group>"; };
		FBBFD4D321A58EBA007197D9 /* QuizDetailSectionModel.swift */ = {isa = PBXFileReference; lastKnownFileType = sourcecode.swift; path = QuizDetailSectionModel.swift; sourceTree = "<group>"; };
		FBBFD4D521A58EC9007197D9 /* QuizParticipant.swift */ = {isa = PBXFileReference; lastKnownFileType = sourcecode.swift; path = QuizParticipant.swift; sourceTree = "<group>"; };
		FBBFD4D721A58ED7007197D9 /* QuizSectionModel.swift */ = {isa = PBXFileReference; lastKnownFileType = sourcecode.swift; path = QuizSectionModel.swift; sourceTree = "<group>"; };
		FBBFD4D921A58EE2007197D9 /* SignUp.swift */ = {isa = PBXFileReference; lastKnownFileType = sourcecode.swift; path = SignUp.swift; sourceTree = "<group>"; };
		FBBFD4DB21A58EEB007197D9 /* User.swift */ = {isa = PBXFileReference; lastKnownFileType = sourcecode.swift; path = User.swift; sourceTree = "<group>"; };
		FBBFD4DD21A58EF2007197D9 /* UserType.swift */ = {isa = PBXFileReference; lastKnownFileType = sourcecode.swift; path = UserType.swift; sourceTree = "<group>"; };
/* End PBXFileReference section */

/* Begin PBXFrameworksBuildPhase section */
		FBBCF3FB21721A2700A58C74 /* Frameworks */ = {
			isa = PBXFrameworksBuildPhase;
			buildActionMask = 2147483647;
			files = (
				FBBFD4A621A587AE007197D9 /* Differentiator.framework in Frameworks */,
				FBBFD4A821A587AE007197D9 /* RxCocoa.framework in Frameworks */,
				FBBFD4AA21A587AE007197D9 /* RxDataSources.framework in Frameworks */,
				FBBFD4AC21A587AE007197D9 /* RxSwift.framework in Frameworks */,
				B42C549C49A64ED9D0BD6EF6 /* Pods_quizmaker.framework in Frameworks */,
			);
			runOnlyForDeploymentPostprocessing = 0;
		};
/* End PBXFrameworksBuildPhase section */

/* Begin PBXGroup section */
		13FFAC2038025CEF7FCC78DA /* Pods */ = {
			isa = PBXGroup;
			children = (
				DA8F7A5476CB31E1968FCE51 /* Pods-quizmaker.debug.xcconfig */,
				94D7AA8E207720ACBDA148EC /* Pods-quizmaker.release.xcconfig */,
			);
			name = Pods;
			sourceTree = "<group>";
		};
		E7581060B41D32906082515D /* Frameworks */ = {
			isa = PBXGroup;
			children = (
				FBBFD4A521A587AE007197D9 /* Differentiator.framework */,
				FBBFD4A721A587AE007197D9 /* RxCocoa.framework */,
				FBBFD4A921A587AE007197D9 /* RxDataSources.framework */,
				FBBFD4AB21A587AE007197D9 /* RxSwift.framework */,
				E8337EC4E8A770496B3BCE26 /* Pods_quizmaker.framework */,
			);
			name = Frameworks;
			sourceTree = "<group>";
		};
		FBBCF3F521721A2700A58C74 = {
			isa = PBXGroup;
			children = (
				FBBCF40021721A2700A58C74 /* quizmaker */,
				FBBCF3FF21721A2700A58C74 /* Products */,
				13FFAC2038025CEF7FCC78DA /* Pods */,
				E7581060B41D32906082515D /* Frameworks */,
			);
			sourceTree = "<group>";
		};
		FBBCF3FF21721A2700A58C74 /* Products */ = {
			isa = PBXGroup;
			children = (
				FBBCF3FE21721A2700A58C74 /* quizmaker.app */,
			);
			name = Products;
			sourceTree = "<group>";
		};
		FBBCF40021721A2700A58C74 /* quizmaker */ = {
			isa = PBXGroup;
			children = (
				FBBFD49E21A58695007197D9 /* Networking */,
				FBBFD49D21A58690007197D9 /* Extensions */,
				FBBFD49C21A58680007197D9 /* ViewControllers */,
				FBBFD49B21A5867A007197D9 /* Views */,
				FBBFD49A21A58676007197D9 /* ViewModels */,
				FBBFD49921A58673007197D9 /* Models */,
				FBBFD49821A5865A007197D9 /* Application */,
				FBBCF40821721A2900A58C74 /* Assets.xcassets */,
				FBBCF40A21721A2900A58C74 /* LaunchScreen.storyboard */,
				FBBCF40D21721A2900A58C74 /* Info.plist */,
			);
			path = quizmaker;
			sourceTree = "<group>";
		};
		FBBFD49821A5865A007197D9 /* Application */ = {
			isa = PBXGroup;
			children = (
				FBBCF40121721A2800A58C74 /* AppDelegate.swift */,
			);
			path = Application;
			sourceTree = "<group>";
		};
		FBBFD49921A58673007197D9 /* Models */ = {
			isa = PBXGroup;
			children = (
				FBBFD4A421A586F5007197D9 /* ErrorResponse */,
				FBBFD4C721A58E69007197D9 /* ChangePassword.swift */,
				FBBFD4C921A58E82007197D9 /* Course.swift */,
				FBBFD4CB21A58E8E007197D9 /* EditProfile.swift */,
				FBBFD4CD21A58E95007197D9 /* Participant.swift */,
				FBBFD4CF21A58E9E007197D9 /* Question.swift */,
				FBBFD4D121A58EA8007197D9 /* Quiz.swift */,
				FBBFD4D321A58EBA007197D9 /* QuizDetailSectionModel.swift */,
				FBBFD4D521A58EC9007197D9 /* QuizParticipant.swift */,
				FBBFD4D721A58ED7007197D9 /* QuizSectionModel.swift */,
				FBBFD4D921A58EE2007197D9 /* SignUp.swift */,
				FBBFD4DB21A58EEB007197D9 /* User.swift */,
				FBBFD4DD21A58EF2007197D9 /* UserType.swift */,
			);
			path = Models;
			sourceTree = "<group>";
		};
		FBBFD49A21A58676007197D9 /* ViewModels */ = {
			isa = PBXGroup;
			children = (
				FBBFD4C321A58A05007197D9 /* LoginViewModel.swift */,
				FBBFD4C521A58A12007197D9 /* RegisterViewModel.swift */,
			);
			path = ViewModels;
			sourceTree = "<group>";
		};
		FBBFD49B21A5867A007197D9 /* Views */ = {
			isa = PBXGroup;
			children = (
				FBBFD4C121A589F1007197D9 /* IndicatorButton.swift */,
			);
			path = Views;
			sourceTree = "<group>";
		};
		FBBFD49C21A58680007197D9 /* ViewControllers */ = {
			isa = PBXGroup;
			children = (
				FBBFD4A321A586BD007197D9 /* Course */,
				FBBFD4A221A586BA007197D9 /* Home */,
				FBBFD4A121A586B5007197D9 /* User */,
				FBBFD4A021A586AD007197D9 /* Quiz */,
				FBBFD49F21A586A8007197D9 /* Authentication */,
			);
			path = ViewControllers;
			sourceTree = "<group>";
		};
		FBBFD49D21A58690007197D9 /* Extensions */ = {
			isa = PBXGroup;
			children = (
			);
			path = Extensions;
			sourceTree = "<group>";
		};
		FBBFD49E21A58695007197D9 /* Networking */ = {
			isa = PBXGroup;
			children = (
			);
			path = Networking;
			sourceTree = "<group>";
		};
		FBBFD49F21A586A8007197D9 /* Authentication */ = {
			isa = PBXGroup;
			children = (
				FBBFD4AD21A58928007197D9 /* LoginViewController.swift */,
				FBBFD4B121A58944007197D9 /* RegisterViewController.swift */,
			);
			path = Authentication;
			sourceTree = "<group>";
		};
		FBBFD4A021A586AD007197D9 /* Quiz */ = {
			isa = PBXGroup;
			children = (
			);
			path = Quiz;
			sourceTree = "<group>";
		};
		FBBFD4A121A586B5007197D9 /* User */ = {
			isa = PBXGroup;
			children = (
				FBBFD4BD21A5899E007197D9 /* ChangePasswordViewController.swift */,
				FBBFD4BF21A589A7007197D9 /* EditProfileViewController.swift */,
			);
			path = User;
			sourceTree = "<group>";
		};
		FBBFD4A221A586BA007197D9 /* Home */ = {
			isa = PBXGroup;
			children = (
				FBBFD4B321A5895A007197D9 /* AdminViewController.swift */,
				FBBFD4B521A58962007197D9 /* HomeViewController.swift */,
				FBBFD4B721A5896A007197D9 /* InstructorViewController.swift */,
				FBBFD4B921A58971007197D9 /* StudentViewController.swift */,
				FBBFD4BB21A5897A007197D9 /* UserViewController.swift */,
			);
			path = Home;
			sourceTree = "<group>";
		};
		FBBFD4A321A586BD007197D9 /* Course */ = {
			isa = PBXGroup;
			children = (
			);
			path = Course;
			sourceTree = "<group>";
		};
		FBBFD4A421A586F5007197D9 /* ErrorResponse */ = {
			isa = PBXGroup;
			children = (
			);
			path = ErrorResponse;
			sourceTree = "<group>";
		};
/* End PBXGroup section */

/* Begin PBXNativeTarget section */
		FBBCF3FD21721A2700A58C74 /* quizmaker */ = {
			isa = PBXNativeTarget;
			buildConfigurationList = FBBCF41021721A2900A58C74 /* Build configuration list for PBXNativeTarget "quizmaker" */;
			buildPhases = (
				0782C7BDDB1025145F145EF5 /* [CP] Check Pods Manifest.lock */,
				FBBCF3FA21721A2700A58C74 /* Sources */,
				FBBCF3FB21721A2700A58C74 /* Frameworks */,
				FBBCF3FC21721A2700A58C74 /* Resources */,
				7C66C1CAB4205BCBF19807AD /* [CP] Embed Pods Frameworks */,
			);
			buildRules = (
			);
			dependencies = (
			);
			name = quizmaker;
			productName = quizmaker;
			productReference = FBBCF3FE21721A2700A58C74 /* quizmaker.app */;
			productType = "com.apple.product-type.application";
		};
/* End PBXNativeTarget section */

/* Begin PBXProject section */
		FBBCF3F621721A2700A58C74 /* Project object */ = {
			isa = PBXProject;
			attributes = {
				LastSwiftUpdateCheck = 1000;
				LastUpgradeCheck = 1000;
				ORGANIZATIONNAME = "Atilla Özder";
				TargetAttributes = {
					FBBCF3FD21721A2700A58C74 = {
						CreatedOnToolsVersion = 10.0;
					};
				};
			};
			buildConfigurationList = FBBCF3F921721A2700A58C74 /* Build configuration list for PBXProject "quizmaker" */;
			compatibilityVersion = "Xcode 9.3";
			developmentRegion = en;
			hasScannedForEncodings = 0;
			knownRegions = (
				en,
				Base,
			);
			mainGroup = FBBCF3F521721A2700A58C74;
			productRefGroup = FBBCF3FF21721A2700A58C74 /* Products */;
			projectDirPath = "";
			projectRoot = "";
			targets = (
				FBBCF3FD21721A2700A58C74 /* quizmaker */,
			);
		};
/* End PBXProject section */

/* Begin PBXResourcesBuildPhase section */
		FBBCF3FC21721A2700A58C74 /* Resources */ = {
			isa = PBXResourcesBuildPhase;
			buildActionMask = 2147483647;
			files = (
				FBBCF40C21721A2900A58C74 /* LaunchScreen.storyboard in Resources */,
				FBBCF40921721A2900A58C74 /* Assets.xcassets in Resources */,
			);
			runOnlyForDeploymentPostprocessing = 0;
		};
/* End PBXResourcesBuildPhase section */

/* Begin PBXShellScriptBuildPhase section */
		0782C7BDDB1025145F145EF5 /* [CP] Check Pods Manifest.lock */ = {
			isa = PBXShellScriptBuildPhase;
			buildActionMask = 2147483647;
			files = (
			);
			inputFileListPaths = (
			);
			inputPaths = (
				"${PODS_PODFILE_DIR_PATH}/Podfile.lock",
				"${PODS_ROOT}/Manifest.lock",
			);
			name = "[CP] Check Pods Manifest.lock";
			outputFileListPaths = (
			);
			outputPaths = (
				"$(DERIVED_FILE_DIR)/Pods-quizmaker-checkManifestLockResult.txt",
			);
			runOnlyForDeploymentPostprocessing = 0;
			shellPath = /bin/sh;
			shellScript = "diff \"${PODS_PODFILE_DIR_PATH}/Podfile.lock\" \"${PODS_ROOT}/Manifest.lock\" > /dev/null\nif [ $? != 0 ] ; then\n    # print error to STDERR\n    echo \"error: The sandbox is not in sync with the Podfile.lock. Run 'pod install' or update your CocoaPods installation.\" >&2\n    exit 1\nfi\n# This output is used by Xcode 'outputs' to avoid re-running this script phase.\necho \"SUCCESS\" > \"${SCRIPT_OUTPUT_FILE_0}\"\n";
			showEnvVarsInLog = 0;
		};
		7C66C1CAB4205BCBF19807AD /* [CP] Embed Pods Frameworks */ = {
			isa = PBXShellScriptBuildPhase;
			buildActionMask = 2147483647;
			files = (
			);
			inputFileListPaths = (
			);
			inputPaths = (
				"${SRCROOT}/Pods/Target Support Files/Pods-quizmaker/Pods-quizmaker-frameworks.sh",
				"${BUILT_PRODUCTS_DIR}/Differentiator/Differentiator.framework",
				"${BUILT_PRODUCTS_DIR}/RxCocoa/RxCocoa.framework",
				"${BUILT_PRODUCTS_DIR}/RxDataSources/RxDataSources.framework",
				"${BUILT_PRODUCTS_DIR}/RxSwift/RxSwift.framework",
			);
			name = "[CP] Embed Pods Frameworks";
			outputFileListPaths = (
			);
			outputPaths = (
				"${TARGET_BUILD_DIR}/${FRAMEWORKS_FOLDER_PATH}/Differentiator.framework",
				"${TARGET_BUILD_DIR}/${FRAMEWORKS_FOLDER_PATH}/RxCocoa.framework",
				"${TARGET_BUILD_DIR}/${FRAMEWORKS_FOLDER_PATH}/RxDataSources.framework",
				"${TARGET_BUILD_DIR}/${FRAMEWORKS_FOLDER_PATH}/RxSwift.framework",
			);
			runOnlyForDeploymentPostprocessing = 0;
			shellPath = /bin/sh;
			shellScript = "\"${SRCROOT}/Pods/Target Support Files/Pods-quizmaker/Pods-quizmaker-frameworks.sh\"\n";
			showEnvVarsInLog = 0;
		};
/* End PBXShellScriptBuildPhase section */

/* Begin PBXSourcesBuildPhase section */
		FBBCF3FA21721A2700A58C74 /* Sources */ = {
			isa = PBXSourcesBuildPhase;
			buildActionMask = 2147483647;
			files = (
				FBBFD4CE21A58E95007197D9 /* Participant.swift in Sources */,
				FBBFD4B621A58962007197D9 /* HomeViewController.swift in Sources */,
				FBBFD4C221A589F1007197D9 /* IndicatorButton.swift in Sources */,
				FBBFD4D021A58E9E007197D9 /* Question.swift in Sources */,
				FBBFD4D821A58ED7007197D9 /* QuizSectionModel.swift in Sources */,
				FBBFD4BC21A5897A007197D9 /* UserViewController.swift in Sources */,
				FBBFD4D421A58EBA007197D9 /* QuizDetailSectionModel.swift in Sources */,
				FBBFD4CC21A58E8E007197D9 /* EditProfile.swift in Sources */,
				FBBFD4D621A58EC9007197D9 /* QuizParticipant.swift in Sources */,
				FBBFD4B421A5895A007197D9 /* AdminViewController.swift in Sources */,
				FBBFD4BE21A5899E007197D9 /* ChangePasswordViewController.swift in Sources */,
				FBBFD4DE21A58EF2007197D9 /* UserType.swift in Sources */,
				FBBFD4B221A58944007197D9 /* RegisterViewController.swift in Sources */,
				FBBFD4C821A58E69007197D9 /* ChangePassword.swift in Sources */,
				FBBFD4DA21A58EE2007197D9 /* SignUp.swift in Sources */,
				FBBFD4AE21A58928007197D9 /* LoginViewController.swift in Sources */,
				FBBCF40221721A2800A58C74 /* AppDelegate.swift in Sources */,
				FBBFD4C621A58A12007197D9 /* RegisterViewModel.swift in Sources */,
				FBBFD4C421A58A05007197D9 /* LoginViewModel.swift in Sources */,
				FBBFD4BA21A58971007197D9 /* StudentViewController.swift in Sources */,
				FBBFD4D221A58EA8007197D9 /* Quiz.swift in Sources */,
				FBBFD4DC21A58EEB007197D9 /* User.swift in Sources */,
				FBBFD4CA21A58E82007197D9 /* Course.swift in Sources */,
				FBBFD4C021A589A7007197D9 /* EditProfileViewController.swift in Sources */,
				FBBFD4B821A5896A007197D9 /* InstructorViewController.swift in Sources */,
			);
			runOnlyForDeploymentPostprocessing = 0;
		};
/* End PBXSourcesBuildPhase section */

/* Begin PBXVariantGroup section */
		FBBCF40A21721A2900A58C74 /* LaunchScreen.storyboard */ = {
			isa = PBXVariantGroup;
			children = (
				FBBCF40B21721A2900A58C74 /* Base */,
			);
			name = LaunchScreen.storyboard;
			sourceTree = "<group>";
		};
/* End PBXVariantGroup section */

/* Begin XCBuildConfiguration section */
		FBBCF40E21721A2900A58C74 /* Debug */ = {
			isa = XCBuildConfiguration;
			buildSettings = {
				ALWAYS_SEARCH_USER_PATHS = NO;
				CLANG_ANALYZER_NONNULL = YES;
				CLANG_ANALYZER_NUMBER_OBJECT_CONVERSION = YES_AGGRESSIVE;
				CLANG_CXX_LANGUAGE_STANDARD = "gnu++14";
				CLANG_CXX_LIBRARY = "libc++";
				CLANG_ENABLE_MODULES = YES;
				CLANG_ENABLE_OBJC_ARC = YES;
				CLANG_ENABLE_OBJC_WEAK = YES;
				CLANG_WARN_BLOCK_CAPTURE_AUTORELEASING = YES;
				CLANG_WARN_BOOL_CONVERSION = YES;
				CLANG_WARN_COMMA = YES;
				CLANG_WARN_CONSTANT_CONVERSION = YES;
				CLANG_WARN_DEPRECATED_OBJC_IMPLEMENTATIONS = YES;
				CLANG_WARN_DIRECT_OBJC_ISA_USAGE = YES_ERROR;
				CLANG_WARN_DOCUMENTATION_COMMENTS = YES;
				CLANG_WARN_EMPTY_BODY = YES;
				CLANG_WARN_ENUM_CONVERSION = YES;
				CLANG_WARN_INFINITE_RECURSION = YES;
				CLANG_WARN_INT_CONVERSION = YES;
				CLANG_WARN_NON_LITERAL_NULL_CONVERSION = YES;
				CLANG_WARN_OBJC_IMPLICIT_RETAIN_SELF = YES;
				CLANG_WARN_OBJC_LITERAL_CONVERSION = YES;
				CLANG_WARN_OBJC_ROOT_CLASS = YES_ERROR;
				CLANG_WARN_RANGE_LOOP_ANALYSIS = YES;
				CLANG_WARN_STRICT_PROTOTYPES = YES;
				CLANG_WARN_SUSPICIOUS_MOVE = YES;
				CLANG_WARN_UNGUARDED_AVAILABILITY = YES_AGGRESSIVE;
				CLANG_WARN_UNREACHABLE_CODE = YES;
				CLANG_WARN__DUPLICATE_METHOD_MATCH = YES;
				CODE_SIGN_IDENTITY = "iPhone Developer";
				COPY_PHASE_STRIP = NO;
				DEBUG_INFORMATION_FORMAT = dwarf;
				ENABLE_STRICT_OBJC_MSGSEND = YES;
				ENABLE_TESTABILITY = YES;
				GCC_C_LANGUAGE_STANDARD = gnu11;
				GCC_DYNAMIC_NO_PIC = NO;
				GCC_NO_COMMON_BLOCKS = YES;
				GCC_OPTIMIZATION_LEVEL = 0;
				GCC_PREPROCESSOR_DEFINITIONS = (
					"DEBUG=1",
					"$(inherited)",
				);
				GCC_WARN_64_TO_32_BIT_CONVERSION = YES;
				GCC_WARN_ABOUT_RETURN_TYPE = YES_ERROR;
				GCC_WARN_UNDECLARED_SELECTOR = YES;
				GCC_WARN_UNINITIALIZED_AUTOS = YES_AGGRESSIVE;
				GCC_WARN_UNUSED_FUNCTION = YES;
				GCC_WARN_UNUSED_VARIABLE = YES;
				IPHONEOS_DEPLOYMENT_TARGET = 12.0;
				MTL_ENABLE_DEBUG_INFO = INCLUDE_SOURCE;
				MTL_FAST_MATH = YES;
				ONLY_ACTIVE_ARCH = YES;
				SDKROOT = iphoneos;
				SWIFT_ACTIVE_COMPILATION_CONDITIONS = DEBUG;
				SWIFT_OPTIMIZATION_LEVEL = "-Onone";
			};
			name = Debug;
		};
		FBBCF40F21721A2900A58C74 /* Release */ = {
			isa = XCBuildConfiguration;
			buildSettings = {
				ALWAYS_SEARCH_USER_PATHS = NO;
				CLANG_ANALYZER_NONNULL = YES;
				CLANG_ANALYZER_NUMBER_OBJECT_CONVERSION = YES_AGGRESSIVE;
				CLANG_CXX_LANGUAGE_STANDARD = "gnu++14";
				CLANG_CXX_LIBRARY = "libc++";
				CLANG_ENABLE_MODULES = YES;
				CLANG_ENABLE_OBJC_ARC = YES;
				CLANG_ENABLE_OBJC_WEAK = YES;
				CLANG_WARN_BLOCK_CAPTURE_AUTORELEASING = YES;
				CLANG_WARN_BOOL_CONVERSION = YES;
				CLANG_WARN_COMMA = YES;
				CLANG_WARN_CONSTANT_CONVERSION = YES;
				CLANG_WARN_DEPRECATED_OBJC_IMPLEMENTATIONS = YES;
				CLANG_WARN_DIRECT_OBJC_ISA_USAGE = YES_ERROR;
				CLANG_WARN_DOCUMENTATION_COMMENTS = YES;
				CLANG_WARN_EMPTY_BODY = YES;
				CLANG_WARN_ENUM_CONVERSION = YES;
				CLANG_WARN_INFINITE_RECURSION = YES;
				CLANG_WARN_INT_CONVERSION = YES;
				CLANG_WARN_NON_LITERAL_NULL_CONVERSION = YES;
				CLANG_WARN_OBJC_IMPLICIT_RETAIN_SELF = YES;
				CLANG_WARN_OBJC_LITERAL_CONVERSION = YES;
				CLANG_WARN_OBJC_ROOT_CLASS = YES_ERROR;
				CLANG_WARN_RANGE_LOOP_ANALYSIS = YES;
				CLANG_WARN_STRICT_PROTOTYPES = YES;
				CLANG_WARN_SUSPICIOUS_MOVE = YES;
				CLANG_WARN_UNGUARDED_AVAILABILITY = YES_AGGRESSIVE;
				CLANG_WARN_UNREACHABLE_CODE = YES;
				CLANG_WARN__DUPLICATE_METHOD_MATCH = YES;
				CODE_SIGN_IDENTITY = "iPhone Developer";
				COPY_PHASE_STRIP = NO;
				DEBUG_INFORMATION_FORMAT = "dwarf-with-dsym";
				ENABLE_NS_ASSERTIONS = NO;
				ENABLE_STRICT_OBJC_MSGSEND = YES;
				GCC_C_LANGUAGE_STANDARD = gnu11;
				GCC_NO_COMMON_BLOCKS = YES;
				GCC_WARN_64_TO_32_BIT_CONVERSION = YES;
				GCC_WARN_ABOUT_RETURN_TYPE = YES_ERROR;
				GCC_WARN_UNDECLARED_SELECTOR = YES;
				GCC_WARN_UNINITIALIZED_AUTOS = YES_AGGRESSIVE;
				GCC_WARN_UNUSED_FUNCTION = YES;
				GCC_WARN_UNUSED_VARIABLE = YES;
				IPHONEOS_DEPLOYMENT_TARGET = 12.0;
				MTL_ENABLE_DEBUG_INFO = NO;
				MTL_FAST_MATH = YES;
				SDKROOT = iphoneos;
				SWIFT_COMPILATION_MODE = wholemodule;
				SWIFT_OPTIMIZATION_LEVEL = "-O";
				VALIDATE_PRODUCT = YES;
			};
			name = Release;
		};
		FBBCF41121721A2900A58C74 /* Debug */ = {
			isa = XCBuildConfiguration;
			baseConfigurationReference = DA8F7A5476CB31E1968FCE51 /* Pods-quizmaker.debug.xcconfig */;
			buildSettings = {
				ASSETCATALOG_COMPILER_APPICON_NAME = AppIcon;
				CODE_SIGN_STYLE = Automatic;
				DEVELOPMENT_TEAM = 74NMDHX448;
				INFOPLIST_FILE = quizmaker/Info.plist;
				LD_RUNPATH_SEARCH_PATHS = (
					"$(inherited)",
					"@executable_path/Frameworks",
				);
				PRODUCT_BUNDLE_IDENTIFIER = com.quizmaker.quizmaker;
				PRODUCT_NAME = "$(TARGET_NAME)";
				SWIFT_VERSION = 4.2;
				TARGETED_DEVICE_FAMILY = "1,2";
			};
			name = Debug;
		};
		FBBCF41221721A2900A58C74 /* Release */ = {
			isa = XCBuildConfiguration;
			baseConfigurationReference = 94D7AA8E207720ACBDA148EC /* Pods-quizmaker.release.xcconfig */;
			buildSettings = {
				ASSETCATALOG_COMPILER_APPICON_NAME = AppIcon;
				CODE_SIGN_STYLE = Automatic;
				DEVELOPMENT_TEAM = 74NMDHX448;
				INFOPLIST_FILE = quizmaker/Info.plist;
				LD_RUNPATH_SEARCH_PATHS = (
					"$(inherited)",
					"@executable_path/Frameworks",
				);
				PRODUCT_BUNDLE_IDENTIFIER = com.quizmaker.quizmaker;
				PRODUCT_NAME = "$(TARGET_NAME)";
				SWIFT_VERSION = 4.2;
				TARGETED_DEVICE_FAMILY = "1,2";
			};
			name = Release;
		};
/* End XCBuildConfiguration section */

/* Begin XCConfigurationList section */
		FBBCF3F921721A2700A58C74 /* Build configuration list for PBXProject "quizmaker" */ = {
			isa = XCConfigurationList;
			buildConfigurations = (
				FBBCF40E21721A2900A58C74 /* Debug */,
				FBBCF40F21721A2900A58C74 /* Release */,
			);
			defaultConfigurationIsVisible = 0;
			defaultConfigurationName = Release;
		};
		FBBCF41021721A2900A58C74 /* Build configuration list for PBXNativeTarget "quizmaker" */ = {
			isa = XCConfigurationList;
			buildConfigurations = (
				FBBCF41121721A2900A58C74 /* Debug */,
				FBBCF41221721A2900A58C74 /* Release */,
			);
			defaultConfigurationIsVisible = 0;
			defaultConfigurationName = Release;
		};
/* End XCConfigurationList section */
	};
	rootObject = FBBCF3F621721A2700A58C74 /* Project object */;
}
