// !$*UTF8*$!
{
	archiveVersion = 1;
	classes = {
	};
	objectVersion = 50;
	objects = {

/* Begin PBXBuildFile section */
		B42C549C49A64ED9D0BD6EF6 /* Pods_quizmaker.framework in Frameworks */ = {isa = PBXBuildFile; fileRef = E8337EC4E8A770496B3BCE26 /* Pods_quizmaker.framework */; };
		FB18D6F321ADF67B00B9BACB /* QuestionEndpoint.swift in Sources */ = {isa = PBXBuildFile; fileRef = FB18D6F221ADF67B00B9BACB /* QuestionEndpoint.swift */; };
		FB18D6F521ADF6C800B9BACB /* QuizCreateErrorResponse.swift in Sources */ = {isa = PBXBuildFile; fileRef = FB18D6F421ADF6C800B9BACB /* QuizCreateErrorResponse.swift */; };
		FB18D6F721ADF72400B9BACB /* CourseListViewModel.swift in Sources */ = {isa = PBXBuildFile; fileRef = FB18D6F621ADF72400B9BACB /* CourseListViewModel.swift */; };
		FB18D6F921ADF73300B9BACB /* QuizDetailViewModel.swift in Sources */ = {isa = PBXBuildFile; fileRef = FB18D6F821ADF73300B9BACB /* QuizDetailViewModel.swift */; };
		FB18D6FB21ADF73C00B9BACB /* QuizListViewModel.swift in Sources */ = {isa = PBXBuildFile; fileRef = FB18D6FA21ADF73C00B9BACB /* QuizListViewModel.swift */; };
		FB18D6FD21ADF75200B9BACB /* Checkbox.swift in Sources */ = {isa = PBXBuildFile; fileRef = FB18D6FC21ADF75200B9BACB /* Checkbox.swift */; };
		FB18D6FF21ADF75D00B9BACB /* CourseTableCell.swift in Sources */ = {isa = PBXBuildFile; fileRef = FB18D6FE21ADF75D00B9BACB /* CourseTableCell.swift */; };
		FB18D70121ADF76500B9BACB /* QuizDetailTableCell.swift in Sources */ = {isa = PBXBuildFile; fileRef = FB18D70021ADF76500B9BACB /* QuizDetailTableCell.swift */; };
		FB18D70321ADF76D00B9BACB /* QuizListTableCell.swift in Sources */ = {isa = PBXBuildFile; fileRef = FB18D70221ADF76D00B9BACB /* QuizListTableCell.swift */; };
		FB18D70721ADF79700B9BACB /* QuizParticipantTableCell.swift in Sources */ = {isa = PBXBuildFile; fileRef = FB18D70621ADF79700B9BACB /* QuizParticipantTableCell.swift */; };
		FB18D70921ADF7A900B9BACB /* QuizQuestionDetailTableCell.swift in Sources */ = {isa = PBXBuildFile; fileRef = FB18D70821ADF7A900B9BACB /* QuizQuestionDetailTableCell.swift */; };
		FB18D70B21ADF7B400B9BACB /* QuizQuestionTableCell.swift in Sources */ = {isa = PBXBuildFile; fileRef = FB18D70A21ADF7B400B9BACB /* QuizQuestionTableCell.swift */; };
		FB18D70D21ADF85B00B9BACB /* CourseAddStudentViewModel.swift in Sources */ = {isa = PBXBuildFile; fileRef = FB18D70C21ADF85B00B9BACB /* CourseAddStudentViewModel.swift */; };
		FB18D70F21ADF87A00B9BACB /* CourseViewController.swift in Sources */ = {isa = PBXBuildFile; fileRef = FB18D70E21ADF87A00B9BACB /* CourseViewController.swift */; };
		FB18D71121ADF89700B9BACB /* StudentTableCell.swift in Sources */ = {isa = PBXBuildFile; fileRef = FB18D71021ADF89700B9BACB /* StudentTableCell.swift */; };
		FB18D71321ADF8A600B9BACB /* CourseAddStudentViewController.swift in Sources */ = {isa = PBXBuildFile; fileRef = FB18D71221ADF8A600B9BACB /* CourseAddStudentViewController.swift */; };
		FB18D71521ADF8C300B9BACB /* MyQuizListViewController.swift in Sources */ = {isa = PBXBuildFile; fileRef = FB18D71421ADF8C300B9BACB /* MyQuizListViewController.swift */; };
		FB18D71721ADF8EE00B9BACB /* QuizDetailViewController.swift in Sources */ = {isa = PBXBuildFile; fileRef = FB18D71621ADF8EE00B9BACB /* QuizDetailViewController.swift */; };
		FB18D71921ADF91600B9BACB /* QuizParticipantsAnswerViewController.swift in Sources */ = {isa = PBXBuildFile; fileRef = FB18D71821ADF91600B9BACB /* QuizParticipantsAnswerViewController.swift */; };
		FB18D71D21ADF9BE00B9BACB /* QuestionCreateViewController.swift in Sources */ = {isa = PBXBuildFile; fileRef = FB18D71C21ADF9BE00B9BACB /* QuestionCreateViewController.swift */; };
		FB18D71F21ADF9CD00B9BACB /* QuizCreateViewController.swift in Sources */ = {isa = PBXBuildFile; fileRef = FB18D71E21ADF9CD00B9BACB /* QuizCreateViewController.swift */; };
		FB18D72121ADF9E700B9BACB /* QuizCreateQuestionTableCell.swift in Sources */ = {isa = PBXBuildFile; fileRef = FB18D72021ADF9E700B9BACB /* QuizCreateQuestionTableCell.swift */; };
		FB18D72321ADF9F700B9BACB /* QuizCreateViewModel.swift in Sources */ = {isa = PBXBuildFile; fileRef = FB18D72221ADF9F700B9BACB /* QuizCreateViewModel.swift */; };
		FB18D72521ADFA0200B9BACB /* QuestionType.swift in Sources */ = {isa = PBXBuildFile; fileRef = FB18D72421ADFA0200B9BACB /* QuestionType.swift */; };
		FB2C465521A5A05E00CF2F54 /* UserDefaults+Helpers.swift in Sources */ = {isa = PBXBuildFile; fileRef = FB2C465421A5A05E00CF2F54 /* UserDefaults+Helpers.swift */; };
		FB2C465721A5A07200CF2F54 /* UIViewController+Helpers.swift in Sources */ = {isa = PBXBuildFile; fileRef = FB2C465621A5A07200CF2F54 /* UIViewController+Helpers.swift */; };
		FB2C465921A5A08300CF2F54 /* UIView+Helpers.swift in Sources */ = {isa = PBXBuildFile; fileRef = FB2C465821A5A08300CF2F54 /* UIView+Helpers.swift */; };
		FB2C465B21A5A09100CF2F54 /* UIColor+Custom.swift in Sources */ = {isa = PBXBuildFile; fileRef = FB2C465A21A5A09100CF2F54 /* UIColor+Custom.swift */; };
		FB2C465D21A5A0A300CF2F54 /* DateFormatter+iso8601.swift in Sources */ = {isa = PBXBuildFile; fileRef = FB2C465C21A5A0A300CF2F54 /* DateFormatter+iso8601.swift */; };
		FB2C465F21A5A0B300CF2F54 /* RegisterErrorResponse.swift in Sources */ = {isa = PBXBuildFile; fileRef = FB2C465E21A5A0B300CF2F54 /* RegisterErrorResponse.swift */; };
		FB2C466121A5A0C100CF2F54 /* FieldErrorResponse.swift in Sources */ = {isa = PBXBuildFile; fileRef = FB2C466021A5A0C100CF2F54 /* FieldErrorResponse.swift */; };
		FB2C466321A5A0CE00CF2F54 /* ErrorMessage.swift in Sources */ = {isa = PBXBuildFile; fileRef = FB2C466221A5A0CE00CF2F54 /* ErrorMessage.swift */; };
		FB2C466521A5A0DC00CF2F54 /* EditProfileErrorResponse.swift in Sources */ = {isa = PBXBuildFile; fileRef = FB2C466421A5A0DC00CF2F54 /* EditProfileErrorResponse.swift */; };
		FB2C466721A5A0ED00CF2F54 /* ChangePasswordErrorResponse.swift in Sources */ = {isa = PBXBuildFile; fileRef = FB2C466621A5A0ED00CF2F54 /* ChangePasswordErrorResponse.swift */; };
		FB2C466921A5A0FA00CF2F54 /* APIErrorResponse.swift in Sources */ = {isa = PBXBuildFile; fileRef = FB2C466821A5A0FA00CF2F54 /* APIErrorResponse.swift */; };
		FB2C466F21A5A14700CF2F54 /* SessionDelegate.swift in Sources */ = {isa = PBXBuildFile; fileRef = FB2C466E21A5A14700CF2F54 /* SessionDelegate.swift */; };
		FB2C467121A5A15600CF2F54 /* NetworkRouter.swift in Sources */ = {isa = PBXBuildFile; fileRef = FB2C467021A5A15600CF2F54 /* NetworkRouter.swift */; };
		FB2C467321A5A16200CF2F54 /* NetworkLogger.swift in Sources */ = {isa = PBXBuildFile; fileRef = FB2C467221A5A16200CF2F54 /* NetworkLogger.swift */; };
		FB2C467521A5A17600CF2F54 /* HTTPTask.swift in Sources */ = {isa = PBXBuildFile; fileRef = FB2C467421A5A17600CF2F54 /* HTTPTask.swift */; };
		FB2C467721A5A18500CF2F54 /* HTTPMethod.swift in Sources */ = {isa = PBXBuildFile; fileRef = FB2C467621A5A18500CF2F54 /* HTTPMethod.swift */; };
		FB2C467921A5A19400CF2F54 /* NetworkManager.swift in Sources */ = {isa = PBXBuildFile; fileRef = FB2C467821A5A19400CF2F54 /* NetworkManager.swift */; };
		FB2C467B21A5A1A100CF2F54 /* NetworkError.swift in Sources */ = {isa = PBXBuildFile; fileRef = FB2C467A21A5A1A100CF2F54 /* NetworkError.swift */; };
		FB2C467D21A5A1AF00CF2F54 /* UserEndpoint.swift in Sources */ = {isa = PBXBuildFile; fileRef = FB2C467C21A5A1AF00CF2F54 /* UserEndpoint.swift */; };
		FB2C467F21A5A1BC00CF2F54 /* QuizEndpoint.swift in Sources */ = {isa = PBXBuildFile; fileRef = FB2C467E21A5A1BC00CF2F54 /* QuizEndpoint.swift */; };
		FB2C468121A5A1C800CF2F54 /* EndpointType.swift in Sources */ = {isa = PBXBuildFile; fileRef = FB2C468021A5A1C800CF2F54 /* EndpointType.swift */; };
		FB2C468321A5A1D500CF2F54 /* CourseEndpoint.swift in Sources */ = {isa = PBXBuildFile; fileRef = FB2C468221A5A1D500CF2F54 /* CourseEndpoint.swift */; };
		FB2C468521A5A1E600CF2F54 /* AuthenticationEndpoint.swift in Sources */ = {isa = PBXBuildFile; fileRef = FB2C468421A5A1E600CF2F54 /* AuthenticationEndpoint.swift */; };
		FB2C468721A5A1F600CF2F54 /* UrlParameterEncoder.swift in Sources */ = {isa = PBXBuildFile; fileRef = FB2C468621A5A1F600CF2F54 /* UrlParameterEncoder.swift */; };
		FB2C468921A5A20400CF2F54 /* ParameterEncoder.swift in Sources */ = {isa = PBXBuildFile; fileRef = FB2C468821A5A20400CF2F54 /* ParameterEncoder.swift */; };
		FB2C468B21A5A21200CF2F54 /* BodyParameterEncoder.swift in Sources */ = {isa = PBXBuildFile; fileRef = FB2C468A21A5A21200CF2F54 /* BodyParameterEncoder.swift */; };
		FB2C468D21A5A25C00CF2F54 /* KeyboardHandler.swift in Sources */ = {isa = PBXBuildFile; fileRef = FB2C468C21A5A25C00CF2F54 /* KeyboardHandler.swift */; };
		FB65B1AE21C280200019DBD7 /* QuizUpdateViewController.swift in Sources */ = {isa = PBXBuildFile; fileRef = FB65B1AD21C280200019DBD7 /* QuizUpdateViewController.swift */; };
		FB65B1B021C2803E0019DBD7 /* QuizUpdateViewModel.swift in Sources */ = {isa = PBXBuildFile; fileRef = FB65B1AF21C2803E0019DBD7 /* QuizUpdateViewModel.swift */; };
		FB65B1B221C280820019DBD7 /* CourseRemoveStudentViewController.swift in Sources */ = {isa = PBXBuildFile; fileRef = FB65B1B121C280820019DBD7 /* CourseRemoveStudentViewController.swift */; };
		FB65B1B421C280900019DBD7 /* CourseRemoveStudentViewModel.swift in Sources */ = {isa = PBXBuildFile; fileRef = FB65B1B321C280900019DBD7 /* CourseRemoveStudentViewModel.swift */; };
		FB65B1B621C280AF0019DBD7 /* ParticipantAnswer.swift in Sources */ = {isa = PBXBuildFile; fileRef = FB65B1B521C280AF0019DBD7 /* ParticipantAnswer.swift */; };
		FB65B1B821C280CE0019DBD7 /* MyAnswerListViewModel.swift in Sources */ = {isa = PBXBuildFile; fileRef = FB65B1B721C280CE0019DBD7 /* MyAnswerListViewModel.swift */; };
		FB65B1BA21C280DB0019DBD7 /* ParticipantAnswerViewModel.swift in Sources */ = {isa = PBXBuildFile; fileRef = FB65B1B921C280DB0019DBD7 /* ParticipantAnswerViewModel.swift */; };
		FB65B1BC21C280F00019DBD7 /* QuizParticipantAnswerTableCell.swift in Sources */ = {isa = PBXBuildFile; fileRef = FB65B1BB21C280F00019DBD7 /* QuizParticipantAnswerTableCell.swift */; };
		FB65B1C021C2811E0019DBD7 /* MyAnswersViewController.swift in Sources */ = {isa = PBXBuildFile; fileRef = FB65B1BF21C2811E0019DBD7 /* MyAnswersViewController.swift */; };
		FB65B1CD21C2A45F0019DBD7 /* Gender.swift in Sources */ = {isa = PBXBuildFile; fileRef = FB65B1CC21C2A45F0019DBD7 /* Gender.swift */; };
		FB65B1D621C2A7D90019DBD7 /* ChangePasswordViewModel.swift in Sources */ = {isa = PBXBuildFile; fileRef = FB65B1D521C2A7D90019DBD7 /* ChangePasswordViewModel.swift */; };
		FB65B1D821C2A8570019DBD7 /* String+Helpers.swift in Sources */ = {isa = PBXBuildFile; fileRef = FB65B1D721C2A8570019DBD7 /* String+Helpers.swift */; };
		FB66482621C05FF000EBEF7E /* QuizParticipantDetailTableCell.swift in Sources */ = {isa = PBXBuildFile; fileRef = FB66482521C05FF000EBEF7E /* QuizParticipantDetailTableCell.swift */; };
		FB66482821C0605E00EBEF7E /* PublicQuizListViewController.swift in Sources */ = {isa = PBXBuildFile; fileRef = FB66482721C0605E00EBEF7E /* PublicQuizListViewController.swift */; };
		FBBCF40221721A2800A58C74 /* AppDelegate.swift in Sources */ = {isa = PBXBuildFile; fileRef = FBBCF40121721A2800A58C74 /* AppDelegate.swift */; };
		FBBCF40921721A2900A58C74 /* Assets.xcassets in Resources */ = {isa = PBXBuildFile; fileRef = FBBCF40821721A2900A58C74 /* Assets.xcassets */; };
		FBBCF40C21721A2900A58C74 /* LaunchScreen.storyboard in Resources */ = {isa = PBXBuildFile; fileRef = FBBCF40A21721A2900A58C74 /* LaunchScreen.storyboard */; };
		FBBFD4A621A587AE007197D9 /* Differentiator.framework in Frameworks */ = {isa = PBXBuildFile; fileRef = FBBFD4A521A587AE007197D9 /* Differentiator.framework */; };
		FBBFD4A821A587AE007197D9 /* RxCocoa.framework in Frameworks */ = {isa = PBXBuildFile; fileRef = FBBFD4A721A587AE007197D9 /* RxCocoa.framework */; };
		FBBFD4AA21A587AE007197D9 /* RxDataSources.framework in Frameworks */ = {isa = PBXBuildFile; fileRef = FBBFD4A921A587AE007197D9 /* RxDataSources.framework */; };
		FBBFD4AC21A587AE007197D9 /* RxSwift.framework in Frameworks */ = {isa = PBXBuildFile; fileRef = FBBFD4AB21A587AE007197D9 /* RxSwift.framework */; };
		FBBFD4AE21A58928007197D9 /* LoginViewController.swift in Sources */ = {isa = PBXBuildFile; fileRef = FBBFD4AD21A58928007197D9 /* LoginViewController.swift */; };
		FBBFD4B221A58944007197D9 /* RegisterViewController.swift in Sources */ = {isa = PBXBuildFile; fileRef = FBBFD4B121A58944007197D9 /* RegisterViewController.swift */; };
		FBBFD4B421A5895A007197D9 /* AdminViewController.swift in Sources */ = {isa = PBXBuildFile; fileRef = FBBFD4B321A5895A007197D9 /* AdminViewController.swift */; };
		FBBFD4B621A58962007197D9 /* HomeViewController.swift in Sources */ = {isa = PBXBuildFile; fileRef = FBBFD4B521A58962007197D9 /* HomeViewController.swift */; };
		FBBFD4B821A5896A007197D9 /* InstructorViewController.swift in Sources */ = {isa = PBXBuildFile; fileRef = FBBFD4B721A5896A007197D9 /* InstructorViewController.swift */; };
		FBBFD4BA21A58971007197D9 /* StudentViewController.swift in Sources */ = {isa = PBXBuildFile; fileRef = FBBFD4B921A58971007197D9 /* StudentViewController.swift */; };
		FBBFD4BC21A5897A007197D9 /* UserViewController.swift in Sources */ = {isa = PBXBuildFile; fileRef = FBBFD4BB21A5897A007197D9 /* UserViewController.swift */; };
		FBBFD4BE21A5899E007197D9 /* ChangePasswordViewController.swift in Sources */ = {isa = PBXBuildFile; fileRef = FBBFD4BD21A5899E007197D9 /* ChangePasswordViewController.swift */; };
		FBBFD4C021A589A7007197D9 /* EditProfileViewController.swift in Sources */ = {isa = PBXBuildFile; fileRef = FBBFD4BF21A589A7007197D9 /* EditProfileViewController.swift */; };
		FBBFD4C221A589F1007197D9 /* IndicatorButton.swift in Sources */ = {isa = PBXBuildFile; fileRef = FBBFD4C121A589F1007197D9 /* IndicatorButton.swift */; };
		FBBFD4C421A58A05007197D9 /* LoginViewModel.swift in Sources */ = {isa = PBXBuildFile; fileRef = FBBFD4C321A58A05007197D9 /* LoginViewModel.swift */; };
		FBBFD4C621A58A12007197D9 /* RegisterViewModel.swift in Sources */ = {isa = PBXBuildFile; fileRef = FBBFD4C521A58A12007197D9 /* RegisterViewModel.swift */; };
		FBBFD4C821A58E69007197D9 /* ChangePassword.swift in Sources */ = {isa = PBXBuildFile; fileRef = FBBFD4C721A58E69007197D9 /* ChangePassword.swift */; };
		FBBFD4CA21A58E82007197D9 /* Course.swift in Sources */ = {isa = PBXBuildFile; fileRef = FBBFD4C921A58E82007197D9 /* Course.swift */; };
		FBBFD4CC21A58E8E007197D9 /* EditProfile.swift in Sources */ = {isa = PBXBuildFile; fileRef = FBBFD4CB21A58E8E007197D9 /* EditProfile.swift */; };
		FBBFD4CE21A58E95007197D9 /* Participant.swift in Sources */ = {isa = PBXBuildFile; fileRef = FBBFD4CD21A58E95007197D9 /* Participant.swift */; };
		FBBFD4D021A58E9E007197D9 /* Question.swift in Sources */ = {isa = PBXBuildFile; fileRef = FBBFD4CF21A58E9E007197D9 /* Question.swift */; };
		FBBFD4D221A58EA8007197D9 /* Quiz.swift in Sources */ = {isa = PBXBuildFile; fileRef = FBBFD4D121A58EA8007197D9 /* Quiz.swift */; };
		FBBFD4D421A58EBA007197D9 /* QuizDetailSectionModel.swift in Sources */ = {isa = PBXBuildFile; fileRef = FBBFD4D321A58EBA007197D9 /* QuizDetailSectionModel.swift */; };
		FBBFD4D621A58EC9007197D9 /* QuizParticipant.swift in Sources */ = {isa = PBXBuildFile; fileRef = FBBFD4D521A58EC9007197D9 /* QuizParticipant.swift */; };
		FBBFD4D821A58ED7007197D9 /* QuizSectionModel.swift in Sources */ = {isa = PBXBuildFile; fileRef = FBBFD4D721A58ED7007197D9 /* QuizSectionModel.swift */; };
		FBBFD4DA21A58EE2007197D9 /* SignUp.swift in Sources */ = {isa = PBXBuildFile; fileRef = FBBFD4D921A58EE2007197D9 /* SignUp.swift */; };
		FBBFD4DC21A58EEB007197D9 /* User.swift in Sources */ = {isa = PBXBuildFile; fileRef = FBBFD4DB21A58EEB007197D9 /* User.swift */; };
		FBBFD4DE21A58EF2007197D9 /* UserType.swift in Sources */ = {isa = PBXBuildFile; fileRef = FBBFD4DD21A58EF2007197D9 /* UserType.swift */; };
		FBBFD4E021A590D0007197D9 /* EditProfileViewModel.swift in Sources */ = {isa = PBXBuildFile; fileRef = FBBFD4DF21A590D0007197D9 /* EditProfileViewModel.swift */; };
		FBD9846021C2B86500D2D480 /* TimeInterval+Helpers.swift in Sources */ = {isa = PBXBuildFile; fileRef = FBD9845F21C2B86500D2D480 /* TimeInterval+Helpers.swift */; };
		FBD9846221C2FC4300D2D480 /* Answer.swift in Sources */ = {isa = PBXBuildFile; fileRef = FBD9846121C2FC4300D2D480 /* Answer.swift */; };
		FBD9846421C2FF5200D2D480 /* GradeErrorResponse.swift in Sources */ = {isa = PBXBuildFile; fileRef = FBD9846321C2FF5200D2D480 /* GradeErrorResponse.swift */; };
		FBEE563321B7EAA4002BBE22 /* MyLecturesViewController.swift in Sources */ = {isa = PBXBuildFile; fileRef = FBEE563221B7EAA4002BBE22 /* MyLecturesViewController.swift */; };
		FBEE563521B7EAB4002BBE22 /* CourseQuizListViewController.swift in Sources */ = {isa = PBXBuildFile; fileRef = FBEE563421B7EAB4002BBE22 /* CourseQuizListViewController.swift */; };
		FBEE563721B7EACB002BBE22 /* JoinedQuizzesChoiceViewController.swift in Sources */ = {isa = PBXBuildFile; fileRef = FBEE563621B7EACB002BBE22 /* JoinedQuizzesChoiceViewController.swift */; };
		FBEE563921B7EAD9002BBE22 /* JoinedQuizzesViewController.swift in Sources */ = {isa = PBXBuildFile; fileRef = FBEE563821B7EAD9002BBE22 /* JoinedQuizzesViewController.swift */; };
		FBEE563D21B7EB0A002BBE22 /* PublicQuizListViewModel.swift in Sources */ = {isa = PBXBuildFile; fileRef = FBEE563C21B7EB0A002BBE22 /* PublicQuizListViewModel.swift */; };
		FBEE563F21B7EB2D002BBE22 /* JoinedQuizListViewModel.swift in Sources */ = {isa = PBXBuildFile; fileRef = FBEE563E21B7EB2D002BBE22 /* JoinedQuizListViewModel.swift */; };
		FBEE564121B7EB3A002BBE22 /* MyLecturesViewModel.swift in Sources */ = {isa = PBXBuildFile; fileRef = FBEE564021B7EB3A002BBE22 /* MyLecturesViewModel.swift */; };
/* End PBXBuildFile section */

/* Begin PBXFileReference section */
		94D7AA8E207720ACBDA148EC /* Pods-quizmaker.release.xcconfig */ = {isa = PBXFileReference; includeInIndex = 1; lastKnownFileType = text.xcconfig; name = "Pods-quizmaker.release.xcconfig"; path = "Pods/Target Support Files/Pods-quizmaker/Pods-quizmaker.release.xcconfig"; sourceTree = "<group>"; };
		DA8F7A5476CB31E1968FCE51 /* Pods-quizmaker.debug.xcconfig */ = {isa = PBXFileReference; includeInIndex = 1; lastKnownFileType = text.xcconfig; name = "Pods-quizmaker.debug.xcconfig"; path = "Pods/Target Support Files/Pods-quizmaker/Pods-quizmaker.debug.xcconfig"; sourceTree = "<group>"; };
		E8337EC4E8A770496B3BCE26 /* Pods_quizmaker.framework */ = {isa = PBXFileReference; explicitFileType = wrapper.framework; includeInIndex = 0; path = Pods_quizmaker.framework; sourceTree = BUILT_PRODUCTS_DIR; };
		FB18D6F221ADF67B00B9BACB /* QuestionEndpoint.swift */ = {isa = PBXFileReference; lastKnownFileType = sourcecode.swift; path = QuestionEndpoint.swift; sourceTree = "<group>"; };
		FB18D6F421ADF6C800B9BACB /* QuizCreateErrorResponse.swift */ = {isa = PBXFileReference; lastKnownFileType = sourcecode.swift; path = QuizCreateErrorResponse.swift; sourceTree = "<group>"; };
		FB18D6F621ADF72400B9BACB /* CourseListViewModel.swift */ = {isa = PBXFileReference; lastKnownFileType = sourcecode.swift; path = CourseListViewModel.swift; sourceTree = "<group>"; };
		FB18D6F821ADF73300B9BACB /* QuizDetailViewModel.swift */ = {isa = PBXFileReference; lastKnownFileType = sourcecode.swift; path = QuizDetailViewModel.swift; sourceTree = "<group>"; };
		FB18D6FA21ADF73C00B9BACB /* QuizListViewModel.swift */ = {isa = PBXFileReference; lastKnownFileType = sourcecode.swift; path = QuizListViewModel.swift; sourceTree = "<group>"; };
		FB18D6FC21ADF75200B9BACB /* Checkbox.swift */ = {isa = PBXFileReference; lastKnownFileType = sourcecode.swift; path = Checkbox.swift; sourceTree = "<group>"; };
		FB18D6FE21ADF75D00B9BACB /* CourseTableCell.swift */ = {isa = PBXFileReference; lastKnownFileType = sourcecode.swift; path = CourseTableCell.swift; sourceTree = "<group>"; };
		FB18D70021ADF76500B9BACB /* QuizDetailTableCell.swift */ = {isa = PBXFileReference; lastKnownFileType = sourcecode.swift; path = QuizDetailTableCell.swift; sourceTree = "<group>"; };
		FB18D70221ADF76D00B9BACB /* QuizListTableCell.swift */ = {isa = PBXFileReference; lastKnownFileType = sourcecode.swift; path = QuizListTableCell.swift; sourceTree = "<group>"; };
		FB18D70621ADF79700B9BACB /* QuizParticipantTableCell.swift */ = {isa = PBXFileReference; lastKnownFileType = sourcecode.swift; path = QuizParticipantTableCell.swift; sourceTree = "<group>"; };
		FB18D70821ADF7A900B9BACB /* QuizQuestionDetailTableCell.swift */ = {isa = PBXFileReference; lastKnownFileType = sourcecode.swift; path = QuizQuestionDetailTableCell.swift; sourceTree = "<group>"; };
		FB18D70A21ADF7B400B9BACB /* QuizQuestionTableCell.swift */ = {isa = PBXFileReference; lastKnownFileType = sourcecode.swift; path = QuizQuestionTableCell.swift; sourceTree = "<group>"; };
		FB18D70C21ADF85B00B9BACB /* CourseAddStudentViewModel.swift */ = {isa = PBXFileReference; lastKnownFileType = sourcecode.swift; path = CourseAddStudentViewModel.swift; sourceTree = "<group>"; };
		FB18D70E21ADF87A00B9BACB /* CourseViewController.swift */ = {isa = PBXFileReference; lastKnownFileType = sourcecode.swift; path = CourseViewController.swift; sourceTree = "<group>"; };
		FB18D71021ADF89700B9BACB /* StudentTableCell.swift */ = {isa = PBXFileReference; lastKnownFileType = sourcecode.swift; path = StudentTableCell.swift; sourceTree = "<group>"; };
		FB18D71221ADF8A600B9BACB /* CourseAddStudentViewController.swift */ = {isa = PBXFileReference; lastKnownFileType = sourcecode.swift; path = CourseAddStudentViewController.swift; sourceTree = "<group>"; };
		FB18D71421ADF8C300B9BACB /* MyQuizListViewController.swift */ = {isa = PBXFileReference; lastKnownFileType = sourcecode.swift; path = MyQuizListViewController.swift; sourceTree = "<group>"; };
		FB18D71621ADF8EE00B9BACB /* QuizDetailViewController.swift */ = {isa = PBXFileReference; lastKnownFileType = sourcecode.swift; path = QuizDetailViewController.swift; sourceTree = "<group>"; };
		FB18D71821ADF91600B9BACB /* QuizParticipantsAnswerViewController.swift */ = {isa = PBXFileReference; lastKnownFileType = sourcecode.swift; path = QuizParticipantsAnswerViewController.swift; sourceTree = "<group>"; };
		FB18D71C21ADF9BE00B9BACB /* QuestionCreateViewController.swift */ = {isa = PBXFileReference; lastKnownFileType = sourcecode.swift; path = QuestionCreateViewController.swift; sourceTree = "<group>"; };
		FB18D71E21ADF9CD00B9BACB /* QuizCreateViewController.swift */ = {isa = PBXFileReference; lastKnownFileType = sourcecode.swift; path = QuizCreateViewController.swift; sourceTree = "<group>"; };
		FB18D72021ADF9E700B9BACB /* QuizCreateQuestionTableCell.swift */ = {isa = PBXFileReference; lastKnownFileType = sourcecode.swift; path = QuizCreateQuestionTableCell.swift; sourceTree = "<group>"; };
		FB18D72221ADF9F700B9BACB /* QuizCreateViewModel.swift */ = {isa = PBXFileReference; lastKnownFileType = sourcecode.swift; path = QuizCreateViewModel.swift; sourceTree = "<group>"; };
		FB18D72421ADFA0200B9BACB /* QuestionType.swift */ = {isa = PBXFileReference; lastKnownFileType = sourcecode.swift; path = QuestionType.swift; sourceTree = "<group>"; };
		FB2C465421A5A05E00CF2F54 /* UserDefaults+Helpers.swift */ = {isa = PBXFileReference; lastKnownFileType = sourcecode.swift; path = "UserDefaults+Helpers.swift"; sourceTree = "<group>"; };
		FB2C465621A5A07200CF2F54 /* UIViewController+Helpers.swift */ = {isa = PBXFileReference; lastKnownFileType = sourcecode.swift; path = "UIViewController+Helpers.swift"; sourceTree = "<group>"; };
		FB2C465821A5A08300CF2F54 /* UIView+Helpers.swift */ = {isa = PBXFileReference; lastKnownFileType = sourcecode.swift; path = "UIView+Helpers.swift"; sourceTree = "<group>"; };
		FB2C465A21A5A09100CF2F54 /* UIColor+Custom.swift */ = {isa = PBXFileReference; lastKnownFileType = sourcecode.swift; path = "UIColor+Custom.swift"; sourceTree = "<group>"; };
		FB2C465C21A5A0A300CF2F54 /* DateFormatter+iso8601.swift */ = {isa = PBXFileReference; lastKnownFileType = sourcecode.swift; path = "DateFormatter+iso8601.swift"; sourceTree = "<group>"; };
		FB2C465E21A5A0B300CF2F54 /* RegisterErrorResponse.swift */ = {isa = PBXFileReference; lastKnownFileType = sourcecode.swift; path = RegisterErrorResponse.swift; sourceTree = "<group>"; };
		FB2C466021A5A0C100CF2F54 /* FieldErrorResponse.swift */ = {isa = PBXFileReference; lastKnownFileType = sourcecode.swift; path = FieldErrorResponse.swift; sourceTree = "<group>"; };
		FB2C466221A5A0CE00CF2F54 /* ErrorMessage.swift */ = {isa = PBXFileReference; lastKnownFileType = sourcecode.swift; path = ErrorMessage.swift; sourceTree = "<group>"; };
		FB2C466421A5A0DC00CF2F54 /* EditProfileErrorResponse.swift */ = {isa = PBXFileReference; lastKnownFileType = sourcecode.swift; path = EditProfileErrorResponse.swift; sourceTree = "<group>"; };
		FB2C466621A5A0ED00CF2F54 /* ChangePasswordErrorResponse.swift */ = {isa = PBXFileReference; lastKnownFileType = sourcecode.swift; path = ChangePasswordErrorResponse.swift; sourceTree = "<group>"; };
		FB2C466821A5A0FA00CF2F54 /* APIErrorResponse.swift */ = {isa = PBXFileReference; lastKnownFileType = sourcecode.swift; path = APIErrorResponse.swift; sourceTree = "<group>"; };
		FB2C466E21A5A14700CF2F54 /* SessionDelegate.swift */ = {isa = PBXFileReference; lastKnownFileType = sourcecode.swift; path = SessionDelegate.swift; sourceTree = "<group>"; };
		FB2C467021A5A15600CF2F54 /* NetworkRouter.swift */ = {isa = PBXFileReference; lastKnownFileType = sourcecode.swift; path = NetworkRouter.swift; sourceTree = "<group>"; };
		FB2C467221A5A16200CF2F54 /* NetworkLogger.swift */ = {isa = PBXFileReference; lastKnownFileType = sourcecode.swift; path = NetworkLogger.swift; sourceTree = "<group>"; };
		FB2C467421A5A17600CF2F54 /* HTTPTask.swift */ = {isa = PBXFileReference; lastKnownFileType = sourcecode.swift; path = HTTPTask.swift; sourceTree = "<group>"; };
		FB2C467621A5A18500CF2F54 /* HTTPMethod.swift */ = {isa = PBXFileReference; lastKnownFileType = sourcecode.swift; path = HTTPMethod.swift; sourceTree = "<group>"; };
		FB2C467821A5A19400CF2F54 /* NetworkManager.swift */ = {isa = PBXFileReference; lastKnownFileType = sourcecode.swift; path = NetworkManager.swift; sourceTree = "<group>"; };
		FB2C467A21A5A1A100CF2F54 /* NetworkError.swift */ = {isa = PBXFileReference; lastKnownFileType = sourcecode.swift; path = NetworkError.swift; sourceTree = "<group>"; };
		FB2C467C21A5A1AF00CF2F54 /* UserEndpoint.swift */ = {isa = PBXFileReference; lastKnownFileType = sourcecode.swift; path = UserEndpoint.swift; sourceTree = "<group>"; };
		FB2C467E21A5A1BC00CF2F54 /* QuizEndpoint.swift */ = {isa = PBXFileReference; lastKnownFileType = sourcecode.swift; path = QuizEndpoint.swift; sourceTree = "<group>"; };
		FB2C468021A5A1C800CF2F54 /* EndpointType.swift */ = {isa = PBXFileReference; lastKnownFileType = sourcecode.swift; path = EndpointType.swift; sourceTree = "<group>"; };
		FB2C468221A5A1D500CF2F54 /* CourseEndpoint.swift */ = {isa = PBXFileReference; lastKnownFileType = sourcecode.swift; path = CourseEndpoint.swift; sourceTree = "<group>"; };
		FB2C468421A5A1E600CF2F54 /* AuthenticationEndpoint.swift */ = {isa = PBXFileReference; lastKnownFileType = sourcecode.swift; path = AuthenticationEndpoint.swift; sourceTree = "<group>"; };
		FB2C468621A5A1F600CF2F54 /* UrlParameterEncoder.swift */ = {isa = PBXFileReference; lastKnownFileType = sourcecode.swift; path = UrlParameterEncoder.swift; sourceTree = "<group>"; };
		FB2C468821A5A20400CF2F54 /* ParameterEncoder.swift */ = {isa = PBXFileReference; lastKnownFileType = sourcecode.swift; path = ParameterEncoder.swift; sourceTree = "<group>"; };
		FB2C468A21A5A21200CF2F54 /* BodyParameterEncoder.swift */ = {isa = PBXFileReference; lastKnownFileType = sourcecode.swift; path = BodyParameterEncoder.swift; sourceTree = "<group>"; };
		FB2C468C21A5A25C00CF2F54 /* KeyboardHandler.swift */ = {isa = PBXFileReference; lastKnownFileType = sourcecode.swift; path = KeyboardHandler.swift; sourceTree = "<group>"; };
		FB65B1AD21C280200019DBD7 /* QuizUpdateViewController.swift */ = {isa = PBXFileReference; lastKnownFileType = sourcecode.swift; path = QuizUpdateViewController.swift; sourceTree = "<group>"; };
		FB65B1AF21C2803E0019DBD7 /* QuizUpdateViewModel.swift */ = {isa = PBXFileReference; lastKnownFileType = sourcecode.swift; path = QuizUpdateViewModel.swift; sourceTree = "<group>"; };
		FB65B1B121C280820019DBD7 /* CourseRemoveStudentViewController.swift */ = {isa = PBXFileReference; lastKnownFileType = sourcecode.swift; path = CourseRemoveStudentViewController.swift; sourceTree = "<group>"; };
		FB65B1B321C280900019DBD7 /* CourseRemoveStudentViewModel.swift */ = {isa = PBXFileReference; lastKnownFileType = sourcecode.swift; path = CourseRemoveStudentViewModel.swift; sourceTree = "<group>"; };
		FB65B1B521C280AF0019DBD7 /* ParticipantAnswer.swift */ = {isa = PBXFileReference; lastKnownFileType = sourcecode.swift; path = ParticipantAnswer.swift; sourceTree = "<group>"; };
		FB65B1B721C280CE0019DBD7 /* MyAnswerListViewModel.swift */ = {isa = PBXFileReference; lastKnownFileType = sourcecode.swift; path = MyAnswerListViewModel.swift; sourceTree = "<group>"; };
		FB65B1B921C280DB0019DBD7 /* ParticipantAnswerViewModel.swift */ = {isa = PBXFileReference; lastKnownFileType = sourcecode.swift; path = ParticipantAnswerViewModel.swift; sourceTree = "<group>"; };
		FB65B1BB21C280F00019DBD7 /* QuizParticipantAnswerTableCell.swift */ = {isa = PBXFileReference; lastKnownFileType = sourcecode.swift; path = QuizParticipantAnswerTableCell.swift; sourceTree = "<group>"; };
		FB65B1BF21C2811E0019DBD7 /* MyAnswersViewController.swift */ = {isa = PBXFileReference; lastKnownFileType = sourcecode.swift; path = MyAnswersViewController.swift; sourceTree = "<group>"; };
		FB65B1CC21C2A45F0019DBD7 /* Gender.swift */ = {isa = PBXFileReference; lastKnownFileType = sourcecode.swift; path = Gender.swift; sourceTree = "<group>"; };
		FB65B1D521C2A7D90019DBD7 /* ChangePasswordViewModel.swift */ = {isa = PBXFileReference; lastKnownFileType = sourcecode.swift; path = ChangePasswordViewModel.swift; sourceTree = "<group>"; };
		FB65B1D721C2A8570019DBD7 /* String+Helpers.swift */ = {isa = PBXFileReference; lastKnownFileType = sourcecode.swift; path = "String+Helpers.swift"; sourceTree = "<group>"; };
		FB66482521C05FF000EBEF7E /* QuizParticipantDetailTableCell.swift */ = {isa = PBXFileReference; lastKnownFileType = sourcecode.swift; path = QuizParticipantDetailTableCell.swift; sourceTree = "<group>"; };
		FB66482721C0605E00EBEF7E /* PublicQuizListViewController.swift */ = {isa = PBXFileReference; lastKnownFileType = sourcecode.swift; path = PublicQuizListViewController.swift; sourceTree = "<group>"; };
		FBBCF3FE21721A2700A58C74 /* quizmaker.app */ = {isa = PBXFileReference; explicitFileType = wrapper.application; includeInIndex = 0; path = quizmaker.app; sourceTree = BUILT_PRODUCTS_DIR; };
		FBBCF40121721A2800A58C74 /* AppDelegate.swift */ = {isa = PBXFileReference; lastKnownFileType = sourcecode.swift; path = AppDelegate.swift; sourceTree = "<group>"; };
		FBBCF40821721A2900A58C74 /* Assets.xcassets */ = {isa = PBXFileReference; lastKnownFileType = folder.assetcatalog; path = Assets.xcassets; sourceTree = "<group>"; };
		FBBCF40B21721A2900A58C74 /* Base */ = {isa = PBXFileReference; lastKnownFileType = file.storyboard; name = Base; path = Base.lproj/LaunchScreen.storyboard; sourceTree = "<group>"; };
		FBBCF40D21721A2900A58C74 /* Info.plist */ = {isa = PBXFileReference; lastKnownFileType = text.plist.xml; path = Info.plist; sourceTree = "<group>"; };
		FBBFD4A521A587AE007197D9 /* Differentiator.framework */ = {isa = PBXFileReference; explicitFileType = wrapper.framework; path = Differentiator.framework; sourceTree = BUILT_PRODUCTS_DIR; };
		FBBFD4A721A587AE007197D9 /* RxCocoa.framework */ = {isa = PBXFileReference; explicitFileType = wrapper.framework; path = RxCocoa.framework; sourceTree = BUILT_PRODUCTS_DIR; };
		FBBFD4A921A587AE007197D9 /* RxDataSources.framework */ = {isa = PBXFileReference; explicitFileType = wrapper.framework; path = RxDataSources.framework; sourceTree = BUILT_PRODUCTS_DIR; };
		FBBFD4AB21A587AE007197D9 /* RxSwift.framework */ = {isa = PBXFileReference; explicitFileType = wrapper.framework; path = RxSwift.framework; sourceTree = BUILT_PRODUCTS_DIR; };
		FBBFD4AD21A58928007197D9 /* LoginViewController.swift */ = {isa = PBXFileReference; lastKnownFileType = sourcecode.swift; path = LoginViewController.swift; sourceTree = "<group>"; };
		FBBFD4B121A58944007197D9 /* RegisterViewController.swift */ = {isa = PBXFileReference; lastKnownFileType = sourcecode.swift; path = RegisterViewController.swift; sourceTree = "<group>"; };
		FBBFD4B321A5895A007197D9 /* AdminViewController.swift */ = {isa = PBXFileReference; lastKnownFileType = sourcecode.swift; path = AdminViewController.swift; sourceTree = "<group>"; };
		FBBFD4B521A58962007197D9 /* HomeViewController.swift */ = {isa = PBXFileReference; lastKnownFileType = sourcecode.swift; path = HomeViewController.swift; sourceTree = "<group>"; };
		FBBFD4B721A5896A007197D9 /* InstructorViewController.swift */ = {isa = PBXFileReference; lastKnownFileType = sourcecode.swift; path = InstructorViewController.swift; sourceTree = "<group>"; };
		FBBFD4B921A58971007197D9 /* StudentViewController.swift */ = {isa = PBXFileReference; lastKnownFileType = sourcecode.swift; path = StudentViewController.swift; sourceTree = "<group>"; };
		FBBFD4BB21A5897A007197D9 /* UserViewController.swift */ = {isa = PBXFileReference; lastKnownFileType = sourcecode.swift; path = UserViewController.swift; sourceTree = "<group>"; };
		FBBFD4BD21A5899E007197D9 /* ChangePasswordViewController.swift */ = {isa = PBXFileReference; lastKnownFileType = sourcecode.swift; path = ChangePasswordViewController.swift; sourceTree = "<group>"; };
		FBBFD4BF21A589A7007197D9 /* EditProfileViewController.swift */ = {isa = PBXFileReference; lastKnownFileType = sourcecode.swift; path = EditProfileViewController.swift; sourceTree = "<group>"; };
		FBBFD4C121A589F1007197D9 /* IndicatorButton.swift */ = {isa = PBXFileReference; lastKnownFileType = sourcecode.swift; path = IndicatorButton.swift; sourceTree = "<group>"; };
		FBBFD4C321A58A05007197D9 /* LoginViewModel.swift */ = {isa = PBXFileReference; lastKnownFileType = sourcecode.swift; path = LoginViewModel.swift; sourceTree = "<group>"; };
		FBBFD4C521A58A12007197D9 /* RegisterViewModel.swift */ = {isa = PBXFileReference; lastKnownFileType = sourcecode.swift; path = RegisterViewModel.swift; sourceTree = "<group>"; };
		FBBFD4C721A58E69007197D9 /* ChangePassword.swift */ = {isa = PBXFileReference; lastKnownFileType = sourcecode.swift; path = ChangePassword.swift; sourceTree = "<group>"; };
		FBBFD4C921A58E82007197D9 /* Course.swift */ = {isa = PBXFileReference; lastKnownFileType = sourcecode.swift; path = Course.swift; sourceTree = "<group>"; };
		FBBFD4CB21A58E8E007197D9 /* EditProfile.swift */ = {isa = PBXFileReference; lastKnownFileType = sourcecode.swift; path = EditProfile.swift; sourceTree = "<group>"; };
		FBBFD4CD21A58E95007197D9 /* Participant.swift */ = {isa = PBXFileReference; lastKnownFileType = sourcecode.swift; path = Participant.swift; sourceTree = "<group>"; };
		FBBFD4CF21A58E9E007197D9 /* Question.swift */ = {isa = PBXFileReference; lastKnownFileType = sourcecode.swift; path = Question.swift; sourceTree = "<group>"; };
		FBBFD4D121A58EA8007197D9 /* Quiz.swift */ = {isa = PBXFileReference; lastKnownFileType = sourcecode.swift; path = Quiz.swift; sourceTree = "<group>"; };
		FBBFD4D321A58EBA007197D9 /* QuizDetailSectionModel.swift */ = {isa = PBXFileReference; lastKnownFileType = sourcecode.swift; path = QuizDetailSectionModel.swift; sourceTree = "<group>"; };
		FBBFD4D521A58EC9007197D9 /* QuizParticipant.swift */ = {isa = PBXFileReference; lastKnownFileType = sourcecode.swift; path = QuizParticipant.swift; sourceTree = "<group>"; };
		FBBFD4D721A58ED7007197D9 /* QuizSectionModel.swift */ = {isa = PBXFileReference; lastKnownFileType = sourcecode.swift; path = QuizSectionModel.swift; sourceTree = "<group>"; };
		FBBFD4D921A58EE2007197D9 /* SignUp.swift */ = {isa = PBXFileReference; lastKnownFileType = sourcecode.swift; path = SignUp.swift; sourceTree = "<group>"; };
		FBBFD4DB21A58EEB007197D9 /* User.swift */ = {isa = PBXFileReference; lastKnownFileType = sourcecode.swift; path = User.swift; sourceTree = "<group>"; };
		FBBFD4DD21A58EF2007197D9 /* UserType.swift */ = {isa = PBXFileReference; lastKnownFileType = sourcecode.swift; path = UserType.swift; sourceTree = "<group>"; };
		FBBFD4DF21A590D0007197D9 /* EditProfileViewModel.swift */ = {isa = PBXFileReference; lastKnownFileType = sourcecode.swift; path = EditProfileViewModel.swift; sourceTree = "<group>"; };
		FBD9845F21C2B86500D2D480 /* TimeInterval+Helpers.swift */ = {isa = PBXFileReference; lastKnownFileType = sourcecode.swift; path = "TimeInterval+Helpers.swift"; sourceTree = "<group>"; };
		FBD9846121C2FC4300D2D480 /* Answer.swift */ = {isa = PBXFileReference; lastKnownFileType = sourcecode.swift; path = Answer.swift; sourceTree = "<group>"; };
		FBD9846321C2FF5200D2D480 /* GradeErrorResponse.swift */ = {isa = PBXFileReference; lastKnownFileType = sourcecode.swift; path = GradeErrorResponse.swift; sourceTree = "<group>"; };
		FBEE563221B7EAA4002BBE22 /* MyLecturesViewController.swift */ = {isa = PBXFileReference; lastKnownFileType = sourcecode.swift; path = MyLecturesViewController.swift; sourceTree = "<group>"; };
		FBEE563421B7EAB4002BBE22 /* CourseQuizListViewController.swift */ = {isa = PBXFileReference; lastKnownFileType = sourcecode.swift; path = CourseQuizListViewController.swift; sourceTree = "<group>"; };
		FBEE563621B7EACB002BBE22 /* JoinedQuizzesChoiceViewController.swift */ = {isa = PBXFileReference; lastKnownFileType = sourcecode.swift; path = JoinedQuizzesChoiceViewController.swift; sourceTree = "<group>"; };
		FBEE563821B7EAD9002BBE22 /* JoinedQuizzesViewController.swift */ = {isa = PBXFileReference; lastKnownFileType = sourcecode.swift; path = JoinedQuizzesViewController.swift; sourceTree = "<group>"; };
		FBEE563C21B7EB0A002BBE22 /* PublicQuizListViewModel.swift */ = {isa = PBXFileReference; lastKnownFileType = sourcecode.swift; path = PublicQuizListViewModel.swift; sourceTree = "<group>"; };
		FBEE563E21B7EB2D002BBE22 /* JoinedQuizListViewModel.swift */ = {isa = PBXFileReference; lastKnownFileType = sourcecode.swift; path = JoinedQuizListViewModel.swift; sourceTree = "<group>"; };
		FBEE564021B7EB3A002BBE22 /* MyLecturesViewModel.swift */ = {isa = PBXFileReference; lastKnownFileType = sourcecode.swift; path = MyLecturesViewModel.swift; sourceTree = "<group>"; };
/* End PBXFileReference section */

/* Begin PBXFrameworksBuildPhase section */
		FBBCF3FB21721A2700A58C74 /* Frameworks */ = {
			isa = PBXFrameworksBuildPhase;
			buildActionMask = 2147483647;
			files = (
				FBBFD4A621A587AE007197D9 /* Differentiator.framework in Frameworks */,
				FBBFD4A821A587AE007197D9 /* RxCocoa.framework in Frameworks */,
				FBBFD4AA21A587AE007197D9 /* RxDataSources.framework in Frameworks */,
				FBBFD4AC21A587AE007197D9 /* RxSwift.framework in Frameworks */,
				B42C549C49A64ED9D0BD6EF6 /* Pods_quizmaker.framework in Frameworks */,
			);
			runOnlyForDeploymentPostprocessing = 0;
		};
/* End PBXFrameworksBuildPhase section */

/* Begin PBXGroup section */
		13FFAC2038025CEF7FCC78DA /* Pods */ = {
			isa = PBXGroup;
			children = (
				DA8F7A5476CB31E1968FCE51 /* Pods-quizmaker.debug.xcconfig */,
				94D7AA8E207720ACBDA148EC /* Pods-quizmaker.release.xcconfig */,
			);
			name = Pods;
			sourceTree = "<group>";
		};
		E7581060B41D32906082515D /* Frameworks */ = {
			isa = PBXGroup;
			children = (
				FBBFD4A521A587AE007197D9 /* Differentiator.framework */,
				FBBFD4A721A587AE007197D9 /* RxCocoa.framework */,
				FBBFD4A921A587AE007197D9 /* RxDataSources.framework */,
				FBBFD4AB21A587AE007197D9 /* RxSwift.framework */,
				E8337EC4E8A770496B3BCE26 /* Pods_quizmaker.framework */,
			);
			name = Frameworks;
			sourceTree = "<group>";
		};
		FB2C466A21A5A10400CF2F54 /* Encoding */ = {
			isa = PBXGroup;
			children = (
				FB2C468821A5A20400CF2F54 /* ParameterEncoder.swift */,
				FB2C468621A5A1F600CF2F54 /* UrlParameterEncoder.swift */,
				FB2C468A21A5A21200CF2F54 /* BodyParameterEncoder.swift */,
			);
			path = Encoding;
			sourceTree = "<group>";
		};
		FB2C466B21A5A10B00CF2F54 /* Endpoint */ = {
			isa = PBXGroup;
			children = (
				FB2C468021A5A1C800CF2F54 /* EndpointType.swift */,
				FB2C467C21A5A1AF00CF2F54 /* UserEndpoint.swift */,
				FB2C467E21A5A1BC00CF2F54 /* QuizEndpoint.swift */,
				FB2C468221A5A1D500CF2F54 /* CourseEndpoint.swift */,
				FB18D6F221ADF67B00B9BACB /* QuestionEndpoint.swift */,
				FB2C468421A5A1E600CF2F54 /* AuthenticationEndpoint.swift */,
			);
			path = Endpoint;
			sourceTree = "<group>";
		};
		FB2C466C21A5A11800CF2F54 /* Manager */ = {
			isa = PBXGroup;
			children = (
				FB2C467821A5A19400CF2F54 /* NetworkManager.swift */,
				FB2C467A21A5A1A100CF2F54 /* NetworkError.swift */,
			);
			path = Manager;
			sourceTree = "<group>";
		};
		FB2C466D21A5A11C00CF2F54 /* Service */ = {
			isa = PBXGroup;
			children = (
				FB2C466E21A5A14700CF2F54 /* SessionDelegate.swift */,
				FB2C467021A5A15600CF2F54 /* NetworkRouter.swift */,
				FB2C467221A5A16200CF2F54 /* NetworkLogger.swift */,
				FB2C467421A5A17600CF2F54 /* HTTPTask.swift */,
				FB2C467621A5A18500CF2F54 /* HTTPMethod.swift */,
			);
			path = Service;
			sourceTree = "<group>";
		};
		FB65B1C121C2A33A0019DBD7 /* User */ = {
			isa = PBXGroup;
			children = (
				FB65B1C221C2A34B0019DBD7 /* Enums */,
				FBBFD4DB21A58EEB007197D9 /* User.swift */,
				FBBFD4CD21A58E95007197D9 /* Participant.swift */,
				FBBFD4D921A58EE2007197D9 /* SignUp.swift */,
				FBBFD4CB21A58E8E007197D9 /* EditProfile.swift */,
				FBBFD4C721A58E69007197D9 /* ChangePassword.swift */,
			);
			path = User;
			sourceTree = "<group>";
		};
		FB65B1C221C2A34B0019DBD7 /* Enums */ = {
			isa = PBXGroup;
			children = (
				FB65B1CC21C2A45F0019DBD7 /* Gender.swift */,
				FBBFD4DD21A58EF2007197D9 /* UserType.swift */,
			);
			path = Enums;
			sourceTree = "<group>";
		};
		FB65B1C321C2A3700019DBD7 /* User */ = {
			isa = PBXGroup;
			children = (
				FB2C466021A5A0C100CF2F54 /* FieldErrorResponse.swift */,
				FB2C465E21A5A0B300CF2F54 /* RegisterErrorResponse.swift */,
				FB2C466421A5A0DC00CF2F54 /* EditProfileErrorResponse.swift */,
				FB2C466621A5A0ED00CF2F54 /* ChangePasswordErrorResponse.swift */,
			);
			path = User;
			sourceTree = "<group>";
		};
		FB65B1C421C2A3870019DBD7 /* Quiz */ = {
			isa = PBXGroup;
			children = (
				FB18D6F421ADF6C800B9BACB /* QuizCreateErrorResponse.swift */,
			);
			path = Quiz;
			sourceTree = "<group>";
		};
		FB65B1C521C2A3920019DBD7 /* Course */ = {
			isa = PBXGroup;
			children = (
				FBBFD4C921A58E82007197D9 /* Course.swift */,
			);
			path = Course;
			sourceTree = "<group>";
		};
		FB65B1C621C2A3A90019DBD7 /* Quiz */ = {
			isa = PBXGroup;
			children = (
				FBBFD4D121A58EA8007197D9 /* Quiz.swift */,
				FBBFD4D521A58EC9007197D9 /* QuizParticipant.swift */,
			);
			path = Quiz;
			sourceTree = "<group>";
		};
		FB65B1C721C2A3E20019DBD7 /* Question */ = {
			isa = PBXGroup;
			children = (
				FB65B1C821C2A4000019DBD7 /* Enums */,
				FBBFD4CF21A58E9E007197D9 /* Question.swift */,
				FB65B1B521C280AF0019DBD7 /* ParticipantAnswer.swift */,
				FBD9846121C2FC4300D2D480 /* Answer.swift */,
			);
			path = Question;
			sourceTree = "<group>";
		};
		FB65B1C821C2A4000019DBD7 /* Enums */ = {
			isa = PBXGroup;
			children = (
				FB18D72421ADFA0200B9BACB /* QuestionType.swift */,
			);
			path = Enums;
			sourceTree = "<group>";
		};
		FB65B1C921C2A40A0019DBD7 /* Section */ = {
			isa = PBXGroup;
			children = (
				FBBFD4D721A58ED7007197D9 /* QuizSectionModel.swift */,
				FBBFD4D321A58EBA007197D9 /* QuizDetailSectionModel.swift */,
			);
			path = Section;
			sourceTree = "<group>";
		};
		FB65B1CA21C2A4330019DBD7 /* Authentication */ = {
			isa = PBXGroup;
			children = (
				FBBFD4C321A58A05007197D9 /* LoginViewModel.swift */,
				FBBFD4C521A58A12007197D9 /* RegisterViewModel.swift */,
			);
			path = Authentication;
			sourceTree = "<group>";
		};
		FB65B1CB21C2A4490019DBD7 /* User */ = {
			isa = PBXGroup;
			children = (
				FB65B1B721C280CE0019DBD7 /* MyAnswerListViewModel.swift */,
				FBEE564021B7EB3A002BBE22 /* MyLecturesViewModel.swift */,
				FB65B1D521C2A7D90019DBD7 /* ChangePasswordViewModel.swift */,
				FBBFD4DF21A590D0007197D9 /* EditProfileViewModel.swift */,
				FB65B1CA21C2A4330019DBD7 /* Authentication */,
			);
			path = User;
			sourceTree = "<group>";
		};
		FB65B1CE21C2A4980019DBD7 /* Quiz */ = {
			isa = PBXGroup;
			children = (
				FB18D72221ADF9F700B9BACB /* QuizCreateViewModel.swift */,
				FB65B1AF21C2803E0019DBD7 /* QuizUpdateViewModel.swift */,
				FB18D6F821ADF73300B9BACB /* QuizDetailViewModel.swift */,
				FB18D6FA21ADF73C00B9BACB /* QuizListViewModel.swift */,
				FBEE563C21B7EB0A002BBE22 /* PublicQuizListViewModel.swift */,
				FBEE563E21B7EB2D002BBE22 /* JoinedQuizListViewModel.swift */,
			);
			path = Quiz;
			sourceTree = "<group>";
		};
		FB65B1CF21C2A5080019DBD7 /* Course */ = {
			isa = PBXGroup;
			children = (
				FB18D6F621ADF72400B9BACB /* CourseListViewModel.swift */,
				FB18D70C21ADF85B00B9BACB /* CourseAddStudentViewModel.swift */,
				FB65B1B321C280900019DBD7 /* CourseRemoveStudentViewModel.swift */,
			);
			path = Course;
			sourceTree = "<group>";
		};
		FB65B1D021C2A6B70019DBD7 /* Helpers */ = {
			isa = PBXGroup;
			children = (
				FB18D6FC21ADF75200B9BACB /* Checkbox.swift */,
				FBBFD4C121A589F1007197D9 /* IndicatorButton.swift */,
			);
			path = Helpers;
			sourceTree = "<group>";
		};
		FB65B1D121C2A7070019DBD7 /* Course */ = {
			isa = PBXGroup;
			children = (
				FB18D6FE21ADF75D00B9BACB /* CourseTableCell.swift */,
			);
			path = Course;
			sourceTree = "<group>";
		};
		FB65B1D221C2A7160019DBD7 /* Student */ = {
			isa = PBXGroup;
			children = (
				FB18D71021ADF89700B9BACB /* StudentTableCell.swift */,
			);
			path = Student;
			sourceTree = "<group>";
		};
		FB65B1D321C2A72B0019DBD7 /* Quiz */ = {
			isa = PBXGroup;
			children = (
				FB65B1D421C2A7670019DBD7 /* Detail */,
				FB18D70221ADF76D00B9BACB /* QuizListTableCell.swift */,
				FB18D72021ADF9E700B9BACB /* QuizCreateQuestionTableCell.swift */,
				FB65B1BB21C280F00019DBD7 /* QuizParticipantAnswerTableCell.swift */,
			);
			path = Quiz;
			sourceTree = "<group>";
		};
		FB65B1D421C2A7670019DBD7 /* Detail */ = {
			isa = PBXGroup;
			children = (
				FB18D70021ADF76500B9BACB /* QuizDetailTableCell.swift */,
				FBD9845E21C2B22300D2D480 /* Question */,
				FBD9845D21C2B21900D2D480 /* Participant */,
			);
			path = Detail;
			sourceTree = "<group>";
		};
		FB65B1D921C2ACCC0019DBD7 /* Question */ = {
			isa = PBXGroup;
			children = (
				FB18D71C21ADF9BE00B9BACB /* QuestionCreateViewController.swift */,
			);
			path = Question;
			sourceTree = "<group>";
		};
		FB65B1DA21C2ACDF0019DBD7 /* JoinedQuiz */ = {
			isa = PBXGroup;
			children = (
				FBEE563821B7EAD9002BBE22 /* JoinedQuizzesViewController.swift */,
				FBEE563621B7EACB002BBE22 /* JoinedQuizzesChoiceViewController.swift */,
			);
			path = JoinedQuiz;
			sourceTree = "<group>";
		};
		FB65B1DB21C2ACEB0019DBD7 /* Public */ = {
			isa = PBXGroup;
			children = (
				FB66482721C0605E00EBEF7E /* PublicQuizListViewController.swift */,
			);
			path = Public;
			sourceTree = "<group>";
		};
		FB65B1DC21C2ACF80019DBD7 /* Detail */ = {
			isa = PBXGroup;
			children = (
				FB18D71621ADF8EE00B9BACB /* QuizDetailViewController.swift */,
			);
			path = Detail;
			sourceTree = "<group>";
		};
		FBBCF3F521721A2700A58C74 = {
			isa = PBXGroup;
			children = (
				FBBCF40021721A2700A58C74 /* quizmaker */,
				FBBCF3FF21721A2700A58C74 /* Products */,
				13FFAC2038025CEF7FCC78DA /* Pods */,
				E7581060B41D32906082515D /* Frameworks */,
			);
			sourceTree = "<group>";
		};
		FBBCF3FF21721A2700A58C74 /* Products */ = {
			isa = PBXGroup;
			children = (
				FBBCF3FE21721A2700A58C74 /* quizmaker.app */,
			);
			name = Products;
			sourceTree = "<group>";
		};
		FBBCF40021721A2700A58C74 /* quizmaker */ = {
			isa = PBXGroup;
			children = (
				FBBFD49C21A58680007197D9 /* ViewControllers */,
				FBBFD49B21A5867A007197D9 /* Views */,
				FBBFD49A21A58676007197D9 /* ViewModels */,
				FBBFD49921A58673007197D9 /* Models */,
				FBBFD49E21A58695007197D9 /* Networking */,
				FBBFD49D21A58690007197D9 /* Extensions */,
				FBBFD49821A5865A007197D9 /* Application */,
				FBBCF40821721A2900A58C74 /* Assets.xcassets */,
				FBBCF40A21721A2900A58C74 /* LaunchScreen.storyboard */,
				FBBCF40D21721A2900A58C74 /* Info.plist */,
			);
			path = quizmaker;
			sourceTree = "<group>";
		};
		FBBFD49821A5865A007197D9 /* Application */ = {
			isa = PBXGroup;
			children = (
				FBBCF40121721A2800A58C74 /* AppDelegate.swift */,
			);
			path = Application;
			sourceTree = "<group>";
		};
		FBBFD49921A58673007197D9 /* Models */ = {
			isa = PBXGroup;
			children = (
				FB65B1C921C2A40A0019DBD7 /* Section */,
				FB65B1C721C2A3E20019DBD7 /* Question */,
				FB65B1C621C2A3A90019DBD7 /* Quiz */,
				FB65B1C521C2A3920019DBD7 /* Course */,
				FB65B1C121C2A33A0019DBD7 /* User */,
				FBBFD4A421A586F5007197D9 /* ErrorResponse */,
			);
			path = Models;
			sourceTree = "<group>";
		};
		FBBFD49A21A58676007197D9 /* ViewModels */ = {
			isa = PBXGroup;
			children = (
				FB65B1B921C280DB0019DBD7 /* ParticipantAnswerViewModel.swift */,
				FB65B1CF21C2A5080019DBD7 /* Course */,
				FB65B1CE21C2A4980019DBD7 /* Quiz */,
				FB65B1CB21C2A4490019DBD7 /* User */,
			);
			path = ViewModels;
			sourceTree = "<group>";
		};
		FBBFD49B21A5867A007197D9 /* Views */ = {
			isa = PBXGroup;
			children = (
				FB65B1D321C2A72B0019DBD7 /* Quiz */,
				FB65B1D221C2A7160019DBD7 /* Student */,
				FB65B1D121C2A7070019DBD7 /* Course */,
				FB65B1D021C2A6B70019DBD7 /* Helpers */,
			);
			path = Views;
			sourceTree = "<group>";
		};
		FBBFD49C21A58680007197D9 /* ViewControllers */ = {
			isa = PBXGroup;
			children = (
				FB65B1D921C2ACCC0019DBD7 /* Question */,
				FBBFD4A321A586BD007197D9 /* Course */,
				FBBFD4A221A586BA007197D9 /* Home */,
				FBBFD4A121A586B5007197D9 /* User */,
				FBBFD4A021A586AD007197D9 /* Quiz */,
				FB2C468C21A5A25C00CF2F54 /* KeyboardHandler.swift */,
			);
			path = ViewControllers;
			sourceTree = "<group>";
		};
		FBBFD49D21A58690007197D9 /* Extensions */ = {
			isa = PBXGroup;
			children = (
				FB2C465421A5A05E00CF2F54 /* UserDefaults+Helpers.swift */,
				FB2C465621A5A07200CF2F54 /* UIViewController+Helpers.swift */,
				FB2C465821A5A08300CF2F54 /* UIView+Helpers.swift */,
				FB2C465A21A5A09100CF2F54 /* UIColor+Custom.swift */,
				FB2C465C21A5A0A300CF2F54 /* DateFormatter+iso8601.swift */,
				FB65B1D721C2A8570019DBD7 /* String+Helpers.swift */,
				FBD9845F21C2B86500D2D480 /* TimeInterval+Helpers.swift */,
			);
			path = Extensions;
			sourceTree = "<group>";
		};
		FBBFD49E21A58695007197D9 /* Networking */ = {
			isa = PBXGroup;
			children = (
				FB2C466D21A5A11C00CF2F54 /* Service */,
				FB2C466C21A5A11800CF2F54 /* Manager */,
				FB2C466B21A5A10B00CF2F54 /* Endpoint */,
				FB2C466A21A5A10400CF2F54 /* Encoding */,
			);
			path = Networking;
			sourceTree = "<group>";
		};
		FBBFD49F21A586A8007197D9 /* Authentication */ = {
			isa = PBXGroup;
			children = (
				FBBFD4AD21A58928007197D9 /* LoginViewController.swift */,
				FBBFD4B121A58944007197D9 /* RegisterViewController.swift */,
			);
			path = Authentication;
			sourceTree = "<group>";
		};
		FBBFD4A021A586AD007197D9 /* Quiz */ = {
			isa = PBXGroup;
			children = (
				FB18D71E21ADF9CD00B9BACB /* QuizCreateViewController.swift */,
				FB65B1AD21C280200019DBD7 /* QuizUpdateViewController.swift */,
				FB18D71821ADF91600B9BACB /* QuizParticipantsAnswerViewController.swift */,
				FB65B1DC21C2ACF80019DBD7 /* Detail */,
				FB65B1DB21C2ACEB0019DBD7 /* Public */,
				FB65B1DA21C2ACDF0019DBD7 /* JoinedQuiz */,
			);
			path = Quiz;
			sourceTree = "<group>";
		};
		FBBFD4A121A586B5007197D9 /* User */ = {
			isa = PBXGroup;
			children = (
				FBBFD49F21A586A8007197D9 /* Authentication */,
				FBBFD4BD21A5899E007197D9 /* ChangePasswordViewController.swift */,
				FBBFD4BF21A589A7007197D9 /* EditProfileViewController.swift */,
				FB18D71421ADF8C300B9BACB /* MyQuizListViewController.swift */,
				FBEE563221B7EAA4002BBE22 /* MyLecturesViewController.swift */,
				FB65B1BF21C2811E0019DBD7 /* MyAnswersViewController.swift */,
			);
			path = User;
			sourceTree = "<group>";
		};
		FBBFD4A221A586BA007197D9 /* Home */ = {
			isa = PBXGroup;
			children = (
				FBBFD4B321A5895A007197D9 /* AdminViewController.swift */,
				FBBFD4B521A58962007197D9 /* HomeViewController.swift */,
				FBBFD4B721A5896A007197D9 /* InstructorViewController.swift */,
				FBBFD4B921A58971007197D9 /* StudentViewController.swift */,
				FBBFD4BB21A5897A007197D9 /* UserViewController.swift */,
			);
			path = Home;
			sourceTree = "<group>";
		};
		FBBFD4A321A586BD007197D9 /* Course */ = {
			isa = PBXGroup;
			children = (
				FB18D70E21ADF87A00B9BACB /* CourseViewController.swift */,
				FB18D71221ADF8A600B9BACB /* CourseAddStudentViewController.swift */,
				FB65B1B121C280820019DBD7 /* CourseRemoveStudentViewController.swift */,
				FBEE563421B7EAB4002BBE22 /* CourseQuizListViewController.swift */,
			);
			path = Course;
			sourceTree = "<group>";
		};
		FBBFD4A421A586F5007197D9 /* ErrorResponse */ = {
			isa = PBXGroup;
			children = (
				FB65B1C321C2A3700019DBD7 /* User */,
				FB65B1C421C2A3870019DBD7 /* Quiz */,
				FB2C466821A5A0FA00CF2F54 /* APIErrorResponse.swift */,
				FB2C466221A5A0CE00CF2F54 /* ErrorMessage.swift */,
				FBD9846321C2FF5200D2D480 /* GradeErrorResponse.swift */,
			);
			path = ErrorResponse;
			sourceTree = "<group>";
		};
		FBD9845D21C2B21900D2D480 /* Participant */ = {
			isa = PBXGroup;
			children = (
				FB18D70621ADF79700B9BACB /* QuizParticipantTableCell.swift */,
				FB66482521C05FF000EBEF7E /* QuizParticipantDetailTableCell.swift */,
			);
			path = Participant;
			sourceTree = "<group>";
		};
		FBD9845E21C2B22300D2D480 /* Question */ = {
			isa = PBXGroup;
			children = (
				FB18D70A21ADF7B400B9BACB /* QuizQuestionTableCell.swift */,
				FB18D70821ADF7A900B9BACB /* QuizQuestionDetailTableCell.swift */,
			);
			path = Question;
			sourceTree = "<group>";
		};
/* End PBXGroup section */

/* Begin PBXNativeTarget section */
		FBBCF3FD21721A2700A58C74 /* quizmaker */ = {
			isa = PBXNativeTarget;
			buildConfigurationList = FBBCF41021721A2900A58C74 /* Build configuration list for PBXNativeTarget "quizmaker" */;
			buildPhases = (
				0782C7BDDB1025145F145EF5 /* [CP] Check Pods Manifest.lock */,
				FBBCF3FA21721A2700A58C74 /* Sources */,
				FBBCF3FB21721A2700A58C74 /* Frameworks */,
				FBBCF3FC21721A2700A58C74 /* Resources */,
				7C66C1CAB4205BCBF19807AD /* [CP] Embed Pods Frameworks */,
			);
			buildRules = (
			);
			dependencies = (
			);
			name = quizmaker;
			productName = quizmaker;
			productReference = FBBCF3FE21721A2700A58C74 /* quizmaker.app */;
			productType = "com.apple.product-type.application";
		};
/* End PBXNativeTarget section */

/* Begin PBXProject section */
		FBBCF3F621721A2700A58C74 /* Project object */ = {
			isa = PBXProject;
			attributes = {
				LastSwiftUpdateCheck = 1000;
				LastUpgradeCheck = 1000;
				ORGANIZATIONNAME = "Atilla Özder";
				TargetAttributes = {
					FBBCF3FD21721A2700A58C74 = {
						CreatedOnToolsVersion = 10.0;
					};
				};
			};
			buildConfigurationList = FBBCF3F921721A2700A58C74 /* Build configuration list for PBXProject "quizmaker" */;
			compatibilityVersion = "Xcode 9.3";
			developmentRegion = en;
			hasScannedForEncodings = 0;
			knownRegions = (
				en,
				Base,
			);
			mainGroup = FBBCF3F521721A2700A58C74;
			productRefGroup = FBBCF3FF21721A2700A58C74 /* Products */;
			projectDirPath = "";
			projectRoot = "";
			targets = (
				FBBCF3FD21721A2700A58C74 /* quizmaker */,
			);
		};
/* End PBXProject section */

/* Begin PBXResourcesBuildPhase section */
		FBBCF3FC21721A2700A58C74 /* Resources */ = {
			isa = PBXResourcesBuildPhase;
			buildActionMask = 2147483647;
			files = (
				FBBCF40C21721A2900A58C74 /* LaunchScreen.storyboard in Resources */,
				FBBCF40921721A2900A58C74 /* Assets.xcassets in Resources */,
			);
			runOnlyForDeploymentPostprocessing = 0;
		};
/* End PBXResourcesBuildPhase section */

/* Begin PBXShellScriptBuildPhase section */
		0782C7BDDB1025145F145EF5 /* [CP] Check Pods Manifest.lock */ = {
			isa = PBXShellScriptBuildPhase;
			buildActionMask = 2147483647;
			files = (
			);
			inputFileListPaths = (
			);
			inputPaths = (
				"${PODS_PODFILE_DIR_PATH}/Podfile.lock",
				"${PODS_ROOT}/Manifest.lock",
			);
			name = "[CP] Check Pods Manifest.lock";
			outputFileListPaths = (
			);
			outputPaths = (
				"$(DERIVED_FILE_DIR)/Pods-quizmaker-checkManifestLockResult.txt",
			);
			runOnlyForDeploymentPostprocessing = 0;
			shellPath = /bin/sh;
			shellScript = "diff \"${PODS_PODFILE_DIR_PATH}/Podfile.lock\" \"${PODS_ROOT}/Manifest.lock\" > /dev/null\nif [ $? != 0 ] ; then\n    # print error to STDERR\n    echo \"error: The sandbox is not in sync with the Podfile.lock. Run 'pod install' or update your CocoaPods installation.\" >&2\n    exit 1\nfi\n# This output is used by Xcode 'outputs' to avoid re-running this script phase.\necho \"SUCCESS\" > \"${SCRIPT_OUTPUT_FILE_0}\"\n";
			showEnvVarsInLog = 0;
		};
		7C66C1CAB4205BCBF19807AD /* [CP] Embed Pods Frameworks */ = {
			isa = PBXShellScriptBuildPhase;
			buildActionMask = 2147483647;
			files = (
			);
			inputFileListPaths = (
			);
			inputPaths = (
				"${SRCROOT}/Pods/Target Support Files/Pods-quizmaker/Pods-quizmaker-frameworks.sh",
				"${BUILT_PRODUCTS_DIR}/Differentiator/Differentiator.framework",
				"${BUILT_PRODUCTS_DIR}/RxCocoa/RxCocoa.framework",
				"${BUILT_PRODUCTS_DIR}/RxDataSources/RxDataSources.framework",
				"${BUILT_PRODUCTS_DIR}/RxSwift/RxSwift.framework",
			);
			name = "[CP] Embed Pods Frameworks";
			outputFileListPaths = (
			);
			outputPaths = (
				"${TARGET_BUILD_DIR}/${FRAMEWORKS_FOLDER_PATH}/Differentiator.framework",
				"${TARGET_BUILD_DIR}/${FRAMEWORKS_FOLDER_PATH}/RxCocoa.framework",
				"${TARGET_BUILD_DIR}/${FRAMEWORKS_FOLDER_PATH}/RxDataSources.framework",
				"${TARGET_BUILD_DIR}/${FRAMEWORKS_FOLDER_PATH}/RxSwift.framework",
			);
			runOnlyForDeploymentPostprocessing = 0;
			shellPath = /bin/sh;
			shellScript = "\"${SRCROOT}/Pods/Target Support Files/Pods-quizmaker/Pods-quizmaker-frameworks.sh\"\n";
			showEnvVarsInLog = 0;
		};
/* End PBXShellScriptBuildPhase section */

/* Begin PBXSourcesBuildPhase section */
		FBBCF3FA21721A2700A58C74 /* Sources */ = {
			isa = PBXSourcesBuildPhase;
			buildActionMask = 2147483647;
			files = (
				FB65B1AE21C280200019DBD7 /* QuizUpdateViewController.swift in Sources */,
				FBEE563D21B7EB0A002BBE22 /* PublicQuizListViewModel.swift in Sources */,
				FB18D6FD21ADF75200B9BACB /* Checkbox.swift in Sources */,
				FB2C467321A5A16200CF2F54 /* NetworkLogger.swift in Sources */,
				FBBFD4CE21A58E95007197D9 /* Participant.swift in Sources */,
				FB2C467721A5A18500CF2F54 /* HTTPMethod.swift in Sources */,
				FB18D70D21ADF85B00B9BACB /* CourseAddStudentViewModel.swift in Sources */,
				FBD9846221C2FC4300D2D480 /* Answer.swift in Sources */,
				FB2C468921A5A20400CF2F54 /* ParameterEncoder.swift in Sources */,
				FB18D70921ADF7A900B9BACB /* QuizQuestionDetailTableCell.swift in Sources */,
				FB18D72521ADFA0200B9BACB /* QuestionType.swift in Sources */,
				FB18D71321ADF8A600B9BACB /* CourseAddStudentViewController.swift in Sources */,
				FBBFD4B621A58962007197D9 /* HomeViewController.swift in Sources */,
				FBBFD4C221A589F1007197D9 /* IndicatorButton.swift in Sources */,
				FBBFD4D021A58E9E007197D9 /* Question.swift in Sources */,
				FBBFD4D821A58ED7007197D9 /* QuizSectionModel.swift in Sources */,
				FB18D70721ADF79700B9BACB /* QuizParticipantTableCell.swift in Sources */,
				FBEE563321B7EAA4002BBE22 /* MyLecturesViewController.swift in Sources */,
				FB66482821C0605E00EBEF7E /* PublicQuizListViewController.swift in Sources */,
				FB2C468B21A5A21200CF2F54 /* BodyParameterEncoder.swift in Sources */,
				FBBFD4BC21A5897A007197D9 /* UserViewController.swift in Sources */,
				FB65B1B221C280820019DBD7 /* CourseRemoveStudentViewController.swift in Sources */,
				FB2C465521A5A05E00CF2F54 /* UserDefaults+Helpers.swift in Sources */,
				FB2C467B21A5A1A100CF2F54 /* NetworkError.swift in Sources */,
				FB65B1D821C2A8570019DBD7 /* String+Helpers.swift in Sources */,
				FBEE563F21B7EB2D002BBE22 /* JoinedQuizListViewModel.swift in Sources */,
				FB18D71D21ADF9BE00B9BACB /* QuestionCreateViewController.swift in Sources */,
				FBBFD4D421A58EBA007197D9 /* QuizDetailSectionModel.swift in Sources */,
				FB18D70F21ADF87A00B9BACB /* CourseViewController.swift in Sources */,
				FB2C468521A5A1E600CF2F54 /* AuthenticationEndpoint.swift in Sources */,
				FB2C467121A5A15600CF2F54 /* NetworkRouter.swift in Sources */,
				FB2C465B21A5A09100CF2F54 /* UIColor+Custom.swift in Sources */,
				FB2C466121A5A0C100CF2F54 /* FieldErrorResponse.swift in Sources */,
				FB65B1BC21C280F00019DBD7 /* QuizParticipantAnswerTableCell.swift in Sources */,
				FBEE563521B7EAB4002BBE22 /* CourseQuizListViewController.swift in Sources */,
				FBBFD4CC21A58E8E007197D9 /* EditProfile.swift in Sources */,
				FB2C465921A5A08300CF2F54 /* UIView+Helpers.swift in Sources */,
				FB2C467521A5A17600CF2F54 /* HTTPTask.swift in Sources */,
				FB2C468321A5A1D500CF2F54 /* CourseEndpoint.swift in Sources */,
				FBBFD4D621A58EC9007197D9 /* QuizParticipant.swift in Sources */,
				FBBFD4B421A5895A007197D9 /* AdminViewController.swift in Sources */,
				FB2C467F21A5A1BC00CF2F54 /* QuizEndpoint.swift in Sources */,
				FBBFD4BE21A5899E007197D9 /* ChangePasswordViewController.swift in Sources */,
				FBBFD4DE21A58EF2007197D9 /* UserType.swift in Sources */,
				FB18D70321ADF76D00B9BACB /* QuizListTableCell.swift in Sources */,
				FBBFD4B221A58944007197D9 /* RegisterViewController.swift in Sources */,
				FBBFD4C821A58E69007197D9 /* ChangePassword.swift in Sources */,
				FB18D70B21ADF7B400B9BACB /* QuizQuestionTableCell.swift in Sources */,
				FB65B1B021C2803E0019DBD7 /* QuizUpdateViewModel.swift in Sources */,
				FB2C466321A5A0CE00CF2F54 /* ErrorMessage.swift in Sources */,
				FBBFD4E021A590D0007197D9 /* EditProfileViewModel.swift in Sources */,
				FB18D71121ADF89700B9BACB /* StudentTableCell.swift in Sources */,
				FB66482621C05FF000EBEF7E /* QuizParticipantDetailTableCell.swift in Sources */,
				FB18D6F521ADF6C800B9BACB /* QuizCreateErrorResponse.swift in Sources */,
				FB65B1D621C2A7D90019DBD7 /* ChangePasswordViewModel.swift in Sources */,
				FB2C468D21A5A25C00CF2F54 /* KeyboardHandler.swift in Sources */,
				FB2C465D21A5A0A300CF2F54 /* DateFormatter+iso8601.swift in Sources */,
				FB2C466F21A5A14700CF2F54 /* SessionDelegate.swift in Sources */,
				FBEE564121B7EB3A002BBE22 /* MyLecturesViewModel.swift in Sources */,
				FBBFD4DA21A58EE2007197D9 /* SignUp.swift in Sources */,
				FB18D72321ADF9F700B9BACB /* QuizCreateViewModel.swift in Sources */,
				FB2C465F21A5A0B300CF2F54 /* RegisterErrorResponse.swift in Sources */,
				FBBFD4AE21A58928007197D9 /* LoginViewController.swift in Sources */,
				FB18D6F721ADF72400B9BACB /* CourseListViewModel.swift in Sources */,
				FB65B1B821C280CE0019DBD7 /* MyAnswerListViewModel.swift in Sources */,
				FB2C467D21A5A1AF00CF2F54 /* UserEndpoint.swift in Sources */,
				FB65B1C021C2811E0019DBD7 /* MyAnswersViewController.swift in Sources */,
				FBD9846021C2B86500D2D480 /* TimeInterval+Helpers.swift in Sources */,
				FBBCF40221721A2800A58C74 /* AppDelegate.swift in Sources */,
				FBBFD4C621A58A12007197D9 /* RegisterViewModel.swift in Sources */,
				FB2C466721A5A0ED00CF2F54 /* ChangePasswordErrorResponse.swift in Sources */,
				FB18D6F321ADF67B00B9BACB /* QuestionEndpoint.swift in Sources */,
				FB2C465721A5A07200CF2F54 /* UIViewController+Helpers.swift in Sources */,
				FB18D71921ADF91600B9BACB /* QuizParticipantsAnswerViewController.swift in Sources */,
				FB65B1BA21C280DB0019DBD7 /* ParticipantAnswerViewModel.swift in Sources */,
				FB65B1B421C280900019DBD7 /* CourseRemoveStudentViewModel.swift in Sources */,
				FB18D71521ADF8C300B9BACB /* MyQuizListViewController.swift in Sources */,
				FB65B1CD21C2A45F0019DBD7 /* Gender.swift in Sources */,
				FBBFD4C421A58A05007197D9 /* LoginViewModel.swift in Sources */,
				FB2C466521A5A0DC00CF2F54 /* EditProfileErrorResponse.swift in Sources */,
				FBBFD4BA21A58971007197D9 /* StudentViewController.swift in Sources */,
				FB18D70121ADF76500B9BACB /* QuizDetailTableCell.swift in Sources */,
				FBBFD4D221A58EA8007197D9 /* Quiz.swift in Sources */,
				FB18D71721ADF8EE00B9BACB /* QuizDetailViewController.swift in Sources */,
				FB2C468121A5A1C800CF2F54 /* EndpointType.swift in Sources */,
				FB18D6F921ADF73300B9BACB /* QuizDetailViewModel.swift in Sources */,
				FBBFD4DC21A58EEB007197D9 /* User.swift in Sources */,
				FBD9846421C2FF5200D2D480 /* GradeErrorResponse.swift in Sources */,
				FB18D6FB21ADF73C00B9BACB /* QuizListViewModel.swift in Sources */,
				FB18D6FF21ADF75D00B9BACB /* CourseTableCell.swift in Sources */,
				FBBFD4CA21A58E82007197D9 /* Course.swift in Sources */,
				FB2C466921A5A0FA00CF2F54 /* APIErrorResponse.swift in Sources */,
				FBBFD4C021A589A7007197D9 /* EditProfileViewController.swift in Sources */,
				FBEE563921B7EAD9002BBE22 /* JoinedQuizzesViewController.swift in Sources */,
				FB65B1B621C280AF0019DBD7 /* ParticipantAnswer.swift in Sources */,
				FBEE563721B7EACB002BBE22 /* JoinedQuizzesChoiceViewController.swift in Sources */,
				FB2C467921A5A19400CF2F54 /* NetworkManager.swift in Sources */,
				FB18D71F21ADF9CD00B9BACB /* QuizCreateViewController.swift in Sources */,
				FB2C468721A5A1F600CF2F54 /* UrlParameterEncoder.swift in Sources */,
				FB18D72121ADF9E700B9BACB /* QuizCreateQuestionTableCell.swift in Sources */,
				FBBFD4B821A5896A007197D9 /* InstructorViewController.swift in Sources */,
			);
			runOnlyForDeploymentPostprocessing = 0;
		};
/* End PBXSourcesBuildPhase section */

/* Begin PBXVariantGroup section */
		FBBCF40A21721A2900A58C74 /* LaunchScreen.storyboard */ = {
			isa = PBXVariantGroup;
			children = (
				FBBCF40B21721A2900A58C74 /* Base */,
			);
			name = LaunchScreen.storyboard;
			sourceTree = "<group>";
		};
/* End PBXVariantGroup section */

/* Begin XCBuildConfiguration section */
		FBBCF40E21721A2900A58C74 /* Debug */ = {
			isa = XCBuildConfiguration;
			buildSettings = {
				ALWAYS_SEARCH_USER_PATHS = NO;
				CLANG_ANALYZER_NONNULL = YES;
				CLANG_ANALYZER_NUMBER_OBJECT_CONVERSION = YES_AGGRESSIVE;
				CLANG_CXX_LANGUAGE_STANDARD = "gnu++14";
				CLANG_CXX_LIBRARY = "libc++";
				CLANG_ENABLE_MODULES = YES;
				CLANG_ENABLE_OBJC_ARC = YES;
				CLANG_ENABLE_OBJC_WEAK = YES;
				CLANG_WARN_BLOCK_CAPTURE_AUTORELEASING = YES;
				CLANG_WARN_BOOL_CONVERSION = YES;
				CLANG_WARN_COMMA = YES;
				CLANG_WARN_CONSTANT_CONVERSION = YES;
				CLANG_WARN_DEPRECATED_OBJC_IMPLEMENTATIONS = YES;
				CLANG_WARN_DIRECT_OBJC_ISA_USAGE = YES_ERROR;
				CLANG_WARN_DOCUMENTATION_COMMENTS = YES;
				CLANG_WARN_EMPTY_BODY = YES;
				CLANG_WARN_ENUM_CONVERSION = YES;
				CLANG_WARN_INFINITE_RECURSION = YES;
				CLANG_WARN_INT_CONVERSION = YES;
				CLANG_WARN_NON_LITERAL_NULL_CONVERSION = YES;
				CLANG_WARN_OBJC_IMPLICIT_RETAIN_SELF = YES;
				CLANG_WARN_OBJC_LITERAL_CONVERSION = YES;
				CLANG_WARN_OBJC_ROOT_CLASS = YES_ERROR;
				CLANG_WARN_RANGE_LOOP_ANALYSIS = YES;
				CLANG_WARN_STRICT_PROTOTYPES = YES;
				CLANG_WARN_SUSPICIOUS_MOVE = YES;
				CLANG_WARN_UNGUARDED_AVAILABILITY = YES_AGGRESSIVE;
				CLANG_WARN_UNREACHABLE_CODE = YES;
				CLANG_WARN__DUPLICATE_METHOD_MATCH = YES;
				CODE_SIGN_IDENTITY = "iPhone Developer";
				COPY_PHASE_STRIP = NO;
				DEBUG_INFORMATION_FORMAT = dwarf;
				ENABLE_STRICT_OBJC_MSGSEND = YES;
				ENABLE_TESTABILITY = YES;
				GCC_C_LANGUAGE_STANDARD = gnu11;
				GCC_DYNAMIC_NO_PIC = NO;
				GCC_NO_COMMON_BLOCKS = YES;
				GCC_OPTIMIZATION_LEVEL = 0;
				GCC_PREPROCESSOR_DEFINITIONS = (
					"DEBUG=1",
					"$(inherited)",
				);
				GCC_WARN_64_TO_32_BIT_CONVERSION = YES;
				GCC_WARN_ABOUT_RETURN_TYPE = YES_ERROR;
				GCC_WARN_UNDECLARED_SELECTOR = YES;
				GCC_WARN_UNINITIALIZED_AUTOS = YES_AGGRESSIVE;
				GCC_WARN_UNUSED_FUNCTION = YES;
				GCC_WARN_UNUSED_VARIABLE = YES;
				IPHONEOS_DEPLOYMENT_TARGET = 12.0;
				MTL_ENABLE_DEBUG_INFO = INCLUDE_SOURCE;
				MTL_FAST_MATH = YES;
				ONLY_ACTIVE_ARCH = YES;
				SDKROOT = iphoneos;
				SWIFT_ACTIVE_COMPILATION_CONDITIONS = DEBUG;
				SWIFT_OPTIMIZATION_LEVEL = "-Onone";
			};
			name = Debug;
		};
		FBBCF40F21721A2900A58C74 /* Release */ = {
			isa = XCBuildConfiguration;
			buildSettings = {
				ALWAYS_SEARCH_USER_PATHS = NO;
				CLANG_ANALYZER_NONNULL = YES;
				CLANG_ANALYZER_NUMBER_OBJECT_CONVERSION = YES_AGGRESSIVE;
				CLANG_CXX_LANGUAGE_STANDARD = "gnu++14";
				CLANG_CXX_LIBRARY = "libc++";
				CLANG_ENABLE_MODULES = YES;
				CLANG_ENABLE_OBJC_ARC = YES;
				CLANG_ENABLE_OBJC_WEAK = YES;
				CLANG_WARN_BLOCK_CAPTURE_AUTORELEASING = YES;
				CLANG_WARN_BOOL_CONVERSION = YES;
				CLANG_WARN_COMMA = YES;
				CLANG_WARN_CONSTANT_CONVERSION = YES;
				CLANG_WARN_DEPRECATED_OBJC_IMPLEMENTATIONS = YES;
				CLANG_WARN_DIRECT_OBJC_ISA_USAGE = YES_ERROR;
				CLANG_WARN_DOCUMENTATION_COMMENTS = YES;
				CLANG_WARN_EMPTY_BODY = YES;
				CLANG_WARN_ENUM_CONVERSION = YES;
				CLANG_WARN_INFINITE_RECURSION = YES;
				CLANG_WARN_INT_CONVERSION = YES;
				CLANG_WARN_NON_LITERAL_NULL_CONVERSION = YES;
				CLANG_WARN_OBJC_IMPLICIT_RETAIN_SELF = YES;
				CLANG_WARN_OBJC_LITERAL_CONVERSION = YES;
				CLANG_WARN_OBJC_ROOT_CLASS = YES_ERROR;
				CLANG_WARN_RANGE_LOOP_ANALYSIS = YES;
				CLANG_WARN_STRICT_PROTOTYPES = YES;
				CLANG_WARN_SUSPICIOUS_MOVE = YES;
				CLANG_WARN_UNGUARDED_AVAILABILITY = YES_AGGRESSIVE;
				CLANG_WARN_UNREACHABLE_CODE = YES;
				CLANG_WARN__DUPLICATE_METHOD_MATCH = YES;
				CODE_SIGN_IDENTITY = "iPhone Developer";
				COPY_PHASE_STRIP = NO;
				DEBUG_INFORMATION_FORMAT = "dwarf-with-dsym";
				ENABLE_NS_ASSERTIONS = NO;
				ENABLE_STRICT_OBJC_MSGSEND = YES;
				GCC_C_LANGUAGE_STANDARD = gnu11;
				GCC_NO_COMMON_BLOCKS = YES;
				GCC_WARN_64_TO_32_BIT_CONVERSION = YES;
				GCC_WARN_ABOUT_RETURN_TYPE = YES_ERROR;
				GCC_WARN_UNDECLARED_SELECTOR = YES;
				GCC_WARN_UNINITIALIZED_AUTOS = YES_AGGRESSIVE;
				GCC_WARN_UNUSED_FUNCTION = YES;
				GCC_WARN_UNUSED_VARIABLE = YES;
				IPHONEOS_DEPLOYMENT_TARGET = 12.0;
				MTL_ENABLE_DEBUG_INFO = NO;
				MTL_FAST_MATH = YES;
				SDKROOT = iphoneos;
				SWIFT_COMPILATION_MODE = wholemodule;
				SWIFT_OPTIMIZATION_LEVEL = "-O";
				VALIDATE_PRODUCT = YES;
			};
			name = Release;
		};
		FBBCF41121721A2900A58C74 /* Debug */ = {
			isa = XCBuildConfiguration;
			baseConfigurationReference = DA8F7A5476CB31E1968FCE51 /* Pods-quizmaker.debug.xcconfig */;
			buildSettings = {
				ASSETCATALOG_COMPILER_APPICON_NAME = AppIcon;
				CODE_SIGN_STYLE = Automatic;
				DEVELOPMENT_TEAM = 74NMDHX448;
				INFOPLIST_FILE = quizmaker/Info.plist;
				LD_RUNPATH_SEARCH_PATHS = (
					"$(inherited)",
					"@executable_path/Frameworks",
				);
				PRODUCT_BUNDLE_IDENTIFIER = com.quizmaker.quizmaker;
				PRODUCT_NAME = "$(TARGET_NAME)";
				SWIFT_VERSION = 4.2;
				TARGETED_DEVICE_FAMILY = "1,2";
			};
			name = Debug;
		};
		FBBCF41221721A2900A58C74 /* Release */ = {
			isa = XCBuildConfiguration;
			baseConfigurationReference = 94D7AA8E207720ACBDA148EC /* Pods-quizmaker.release.xcconfig */;
			buildSettings = {
				ASSETCATALOG_COMPILER_APPICON_NAME = AppIcon;
				CODE_SIGN_STYLE = Automatic;
				DEVELOPMENT_TEAM = 74NMDHX448;
				INFOPLIST_FILE = quizmaker/Info.plist;
				LD_RUNPATH_SEARCH_PATHS = (
					"$(inherited)",
					"@executable_path/Frameworks",
				);
				PRODUCT_BUNDLE_IDENTIFIER = com.quizmaker.quizmaker;
				PRODUCT_NAME = "$(TARGET_NAME)";
				SWIFT_VERSION = 4.2;
				TARGETED_DEVICE_FAMILY = "1,2";
			};
			name = Release;
		};
/* End XCBuildConfiguration section */

/* Begin XCConfigurationList section */
		FBBCF3F921721A2700A58C74 /* Build configuration list for PBXProject "quizmaker" */ = {
			isa = XCConfigurationList;
			buildConfigurations = (
				FBBCF40E21721A2900A58C74 /* Debug */,
				FBBCF40F21721A2900A58C74 /* Release */,
			);
			defaultConfigurationIsVisible = 0;
			defaultConfigurationName = Release;
		};
		FBBCF41021721A2900A58C74 /* Build configuration list for PBXNativeTarget "quizmaker" */ = {
			isa = XCConfigurationList;
			buildConfigurations = (
				FBBCF41121721A2900A58C74 /* Debug */,
				FBBCF41221721A2900A58C74 /* Release */,
			);
			defaultConfigurationIsVisible = 0;
			defaultConfigurationName = Release;
		};
/* End XCConfigurationList section */
	};
	rootObject = FBBCF3F621721A2700A58C74 /* Project object */;
}
